// !$*UTF8*$!
{
	archiveVersion = 1;
	classes = {
	};
	objectVersion = 51;
	objects = {

/* Begin PBXBuildFile section */
		2002A3E72443B28D00B50B12 /* Profile.xib in Resources */ = {isa = PBXBuildFile; fileRef = 2002A3E62443B28D00B50B12 /* Profile.xib */; };
		2002A3E92443B3C500B50B12 /* Channel.xib in Resources */ = {isa = PBXBuildFile; fileRef = 2002A3E82443B3C500B50B12 /* Channel.xib */; };
		2002A3EB2443B40B00B50B12 /* inMessageCell.xib in Resources */ = {isa = PBXBuildFile; fileRef = 2002A3EA2443B40B00B50B12 /* inMessageCell.xib */; };
		2002A3ED2443B41800B50B12 /* outMessageCell.xib in Resources */ = {isa = PBXBuildFile; fileRef = 2002A3EC2443B41800B50B12 /* outMessageCell.xib */; };
		200EBD9E240C051400D97EB5 /* ChatCell.swift in Sources */ = {isa = PBXBuildFile; fileRef = 200EBD9D240C051400D97EB5 /* ChatCell.swift */; };
		200EBDA9240C1B3000D97EB5 /* MessageCell.swift in Sources */ = {isa = PBXBuildFile; fileRef = 200EBDA8240C1B3000D97EB5 /* MessageCell.swift */; };
		201A4E9423F6715D0036B7FC /* AppDelegate.swift in Sources */ = {isa = PBXBuildFile; fileRef = 201A4E9323F6715D0036B7FC /* AppDelegate.swift */; };
		201A4E9823F6715D0036B7FC /* ProfileViewController.swift in Sources */ = {isa = PBXBuildFile; fileRef = 201A4E9723F6715D0036B7FC /* ProfileViewController.swift */; };
		201A4E9D23F671610036B7FC /* Assets.xcassets in Resources */ = {isa = PBXBuildFile; fileRef = 201A4E9C23F671610036B7FC /* Assets.xcassets */; };
		201A4EA023F671610036B7FC /* LaunchScreen.storyboard in Resources */ = {isa = PBXBuildFile; fileRef = 201A4E9E23F671610036B7FC /* LaunchScreen.storyboard */; };
		201BAE7C24307E8600217B1A /* StorageManager.swift in Sources */ = {isa = PBXBuildFile; fileRef = 201BAE7B24307E8600217B1A /* StorageManager.swift */; };
		201BAE7E24307E9100217B1A /* IStorageManager.swift in Sources */ = {isa = PBXBuildFile; fileRef = 201BAE7D24307E9100217B1A /* IStorageManager.swift */; };
		201BAE832430A61E00217B1A /* Model.xcdatamodeld in Sources */ = {isa = PBXBuildFile; fileRef = 201BAE812430A61E00217B1A /* Model.xcdatamodeld */; };
		201BAE852431043700217B1A /* CoreDataStack.swift in Sources */ = {isa = PBXBuildFile; fileRef = 201BAE842431043700217B1A /* CoreDataStack.swift */; };
		201BAE892431319A00217B1A /* CoreData+Extensions.swift in Sources */ = {isa = PBXBuildFile; fileRef = 201BAE882431319A00217B1A /* CoreData+Extensions.swift */; };
		2039F8AB24543435000E7EBB /* AppDelegate+GestureRecognizer.swift in Sources */ = {isa = PBXBuildFile; fileRef = 2039F8AA24543435000E7EBB /* AppDelegate+GestureRecognizer.swift */; };
		2041740C244C7A7800EBCF47 /* PixabayImage.swift in Sources */ = {isa = PBXBuildFile; fileRef = 2041740B244C7A7800EBCF47 /* PixabayImage.swift */; };
		2041740F244C7BFA00EBCF47 /* PixabayResponse.swift in Sources */ = {isa = PBXBuildFile; fileRef = 2041740E244C7BFA00EBCF47 /* PixabayResponse.swift */; };
		20417413244C7ED300EBCF47 /* IRequestSender.swift in Sources */ = {isa = PBXBuildFile; fileRef = 20417412244C7ED300EBCF47 /* IRequestSender.swift */; };
		20417415244C7F1400EBCF47 /* IRequest.swift in Sources */ = {isa = PBXBuildFile; fileRef = 20417414244C7F1400EBCF47 /* IRequest.swift */; };
		20417417244C7F7400EBCF47 /* RequestSender.swift in Sources */ = {isa = PBXBuildFile; fileRef = 20417416244C7F7400EBCF47 /* RequestSender.swift */; };
		20417419244C818F00EBCF47 /* PixabayRequest.swift in Sources */ = {isa = PBXBuildFile; fileRef = 20417418244C818F00EBCF47 /* PixabayRequest.swift */; };
		2041741B244C838A00EBCF47 /* ImageRequest.swift in Sources */ = {isa = PBXBuildFile; fileRef = 2041741A244C838A00EBCF47 /* ImageRequest.swift */; };
		20417420244C874600EBCF47 /* IPixabayService.swift in Sources */ = {isa = PBXBuildFile; fileRef = 2041741F244C874600EBCF47 /* IPixabayService.swift */; };
		20417422244C875500EBCF47 /* PixabayService.swift in Sources */ = {isa = PBXBuildFile; fileRef = 20417421244C875500EBCF47 /* PixabayService.swift */; };
		20417424244C87AB00EBCF47 /* RequestsFactory.swift in Sources */ = {isa = PBXBuildFile; fileRef = 20417423244C87AB00EBCF47 /* RequestsFactory.swift */; };
		20417429244C94B700EBCF47 /* AvatarCell.swift in Sources */ = {isa = PBXBuildFile; fileRef = 20417428244C94B700EBCF47 /* AvatarCell.swift */; };
		2041742B244C94F700EBCF47 /* AvatarCell.xib in Resources */ = {isa = PBXBuildFile; fileRef = 2041742A244C94F700EBCF47 /* AvatarCell.xib */; };
		2041742E244C953700EBCF47 /* AvatarsModel.swift in Sources */ = {isa = PBXBuildFile; fileRef = 2041742D244C953700EBCF47 /* AvatarsModel.swift */; };
		20417433244C957C00EBCF47 /* AvatarsViewController.swift in Sources */ = {isa = PBXBuildFile; fileRef = 20417431244C957C00EBCF47 /* AvatarsViewController.swift */; };
		20417434244C957C00EBCF47 /* Avatars.xib in Resources */ = {isa = PBXBuildFile; fileRef = 20417432244C957C00EBCF47 /* Avatars.xib */; };
		20417436244C95B600EBCF47 /* Avatars+Delegates.swift in Sources */ = {isa = PBXBuildFile; fileRef = 20417435244C95B600EBCF47 /* Avatars+Delegates.swift */; };
		20417438244C95C900EBCF47 /* Avatars+DataSources.swift in Sources */ = {isa = PBXBuildFile; fileRef = 20417437244C95C900EBCF47 /* Avatars+DataSources.swift */; };
		2050A4322426788F0028318C /* MessageStruct.swift in Sources */ = {isa = PBXBuildFile; fileRef = 2050A4312426788F0028318C /* MessageStruct.swift */; };
		2050A43524267B2D0028318C /* IConversationManager.swift in Sources */ = {isa = PBXBuildFile; fileRef = 2050A43424267B2D0028318C /* IConversationManager.swift */; };
		2050A43724267B3B0028318C /* FirebaseConversation.swift in Sources */ = {isa = PBXBuildFile; fileRef = 2050A43624267B3B0028318C /* FirebaseConversation.swift */; };
		2050A43B242758B30028318C /* NotificationMethods.swift in Sources */ = {isa = PBXBuildFile; fileRef = 2050A43A242758B30028318C /* NotificationMethods.swift */; };
		20751F1F240C0148009E5780 /* AllChannelsViewController.swift in Sources */ = {isa = PBXBuildFile; fileRef = 20751F1E240C0148009E5780 /* AllChannelsViewController.swift */; };
		20751F21240C0167009E5780 /* ChannelViewController.swift in Sources */ = {isa = PBXBuildFile; fileRef = 20751F20240C0167009E5780 /* ChannelViewController.swift */; };
		20AB9067243A4C7700DD509A /* GoogleService-Info.plist in Resources */ = {isa = PBXBuildFile; fileRef = 20AB9066243A4C7700DD509A /* GoogleService-Info.plist */; };
		20AF21B824559F4300C10B9D /* CustomAnimations.swift in Sources */ = {isa = PBXBuildFile; fileRef = 20AF21B724559F4300C10B9D /* CustomAnimations.swift */; };
		20AF21BA2455A10100C10B9D /* PresentationUtils.swift in Sources */ = {isa = PBXBuildFile; fileRef = 20AF21B92455A10100C10B9D /* PresentationUtils.swift */; };
		20CCD7B2240C1D1200C6C9A6 /* IConfigurableView.swift in Sources */ = {isa = PBXBuildFile; fileRef = 20CCD7B1240C1D1200C6C9A6 /* IConfigurableView.swift */; };
		20DDAD5F24432EA500CCBE25 /* Profile+Delegates.swift in Sources */ = {isa = PBXBuildFile; fileRef = 20DDAD5E24432EA500CCBE25 /* Profile+Delegates.swift */; };
		20DDAD6124432FCF00CCBE25 /* AllChannels+Delegates.swift in Sources */ = {isa = PBXBuildFile; fileRef = 20DDAD6024432FCF00CCBE25 /* AllChannels+Delegates.swift */; };
		20DDAD632443303500CCBE25 /* AllChannels+DataSources.swift in Sources */ = {isa = PBXBuildFile; fileRef = 20DDAD622443303500CCBE25 /* AllChannels+DataSources.swift */; };
		20DDAD65244330BF00CCBE25 /* Channel+Delegates.swift in Sources */ = {isa = PBXBuildFile; fileRef = 20DDAD64244330BF00CCBE25 /* Channel+Delegates.swift */; };
		20DDAD67244330DE00CCBE25 /* Channel+DataSources.swift in Sources */ = {isa = PBXBuildFile; fileRef = 20DDAD66244330DE00CCBE25 /* Channel+DataSources.swift */; };
		20DDAD7224434AAB00CCBE25 /* ProfileModel.swift in Sources */ = {isa = PBXBuildFile; fileRef = 20DDAD7124434AAB00CCBE25 /* ProfileModel.swift */; };
		20DDAD7424434ABA00CCBE25 /* AllChannelsModel.swift in Sources */ = {isa = PBXBuildFile; fileRef = 20DDAD7324434ABA00CCBE25 /* AllChannelsModel.swift */; };
		20DDAD7624434AC900CCBE25 /* ChannelModel.swift in Sources */ = {isa = PBXBuildFile; fileRef = 20DDAD7524434AC900CCBE25 /* ChannelModel.swift */; };
		20DDAD7924434C3300CCBE25 /* Date+Formatter.swift in Sources */ = {isa = PBXBuildFile; fileRef = 20DDAD7824434C3300CCBE25 /* Date+Formatter.swift */; };
		20DDAD7B24435BCD00CCBE25 /* IConversationService.swift in Sources */ = {isa = PBXBuildFile; fileRef = 20DDAD7A24435BCD00CCBE25 /* IConversationService.swift */; };
		20DDAD7D24435BF200CCBE25 /* FirebaseService.swift in Sources */ = {isa = PBXBuildFile; fileRef = 20DDAD7C24435BF200CCBE25 /* FirebaseService.swift */; };
		20DDAD7F24435EBC00CCBE25 /* RootAssembly.swift in Sources */ = {isa = PBXBuildFile; fileRef = 20DDAD7E24435EBC00CCBE25 /* RootAssembly.swift */; };
		20DDAD8424435F8200CCBE25 /* ICoreAssembly.swift in Sources */ = {isa = PBXBuildFile; fileRef = 20DDAD8324435F8200CCBE25 /* ICoreAssembly.swift */; };
		20DDAD8624435F9600CCBE25 /* CoreAssembly.swift in Sources */ = {isa = PBXBuildFile; fileRef = 20DDAD8524435F9600CCBE25 /* CoreAssembly.swift */; };
		20DDAD882443623C00CCBE25 /* IServicesAssembly.swift in Sources */ = {isa = PBXBuildFile; fileRef = 20DDAD872443623C00CCBE25 /* IServicesAssembly.swift */; };
		20DDAD8B244364B300CCBE25 /* IStorageService.swift in Sources */ = {isa = PBXBuildFile; fileRef = 20DDAD8A244364B300CCBE25 /* IStorageService.swift */; };
		20DDAD8D244364BC00CCBE25 /* StorageService.swift in Sources */ = {isa = PBXBuildFile; fileRef = 20DDAD8C244364BC00CCBE25 /* StorageService.swift */; };
		20DDAD8F2443658800CCBE25 /* ServicesAssembly.swift in Sources */ = {isa = PBXBuildFile; fileRef = 20DDAD8E2443658800CCBE25 /* ServicesAssembly.swift */; };
		20DDAD9124437CE500CCBE25 /* ChannelStruct.swift in Sources */ = {isa = PBXBuildFile; fileRef = 20DDAD9024437CE500CCBE25 /* ChannelStruct.swift */; };
		20DDAD93244382A900CCBE25 /* IPresentationAssembly.swift in Sources */ = {isa = PBXBuildFile; fileRef = 20DDAD92244382A900CCBE25 /* IPresentationAssembly.swift */; };
		20DDAD952443830A00CCBE25 /* PresentationAssembly.swift in Sources */ = {isa = PBXBuildFile; fileRef = 20DDAD942443830A00CCBE25 /* PresentationAssembly.swift */; };
		20DDAD9B2443A56F00CCBE25 /* AllChannels.xib in Resources */ = {isa = PBXBuildFile; fileRef = 20DDAD9A2443A56F00CCBE25 /* AllChannels.xib */; };
		20DDAD9D2443AA0100CCBE25 /* ChatCell.xib in Resources */ = {isa = PBXBuildFile; fileRef = 20DDAD9C2443AA0100CCBE25 /* ChatCell.xib */; };
		AE120022E1376CCE65CDD3F5 /* Pods_T_Messenger.framework in Frameworks */ = {isa = PBXBuildFile; fileRef = 5FE9B76EF40B79540D7A72AC /* Pods_T_Messenger.framework */; };
/* End PBXBuildFile section */

/* Begin PBXFileReference section */
		1A2ECE55287A73A67F9CEE54 /* Pods-T Messenger.release.xcconfig */ = {isa = PBXFileReference; includeInIndex = 1; lastKnownFileType = text.xcconfig; name = "Pods-T Messenger.release.xcconfig"; path = "Target Support Files/Pods-T Messenger/Pods-T Messenger.release.xcconfig"; sourceTree = "<group>"; };
		2002A3E62443B28D00B50B12 /* Profile.xib */ = {isa = PBXFileReference; lastKnownFileType = file.xib; path = Profile.xib; sourceTree = "<group>"; };
		2002A3E82443B3C500B50B12 /* Channel.xib */ = {isa = PBXFileReference; lastKnownFileType = file.xib; path = Channel.xib; sourceTree = "<group>"; };
		2002A3EA2443B40B00B50B12 /* inMessageCell.xib */ = {isa = PBXFileReference; lastKnownFileType = file.xib; path = inMessageCell.xib; sourceTree = "<group>"; };
		2002A3EC2443B41800B50B12 /* outMessageCell.xib */ = {isa = PBXFileReference; lastKnownFileType = file.xib; path = outMessageCell.xib; sourceTree = "<group>"; };
		200EBD9D240C051400D97EB5 /* ChatCell.swift */ = {isa = PBXFileReference; lastKnownFileType = sourcecode.swift; path = ChatCell.swift; sourceTree = "<group>"; };
		200EBDA8240C1B3000D97EB5 /* MessageCell.swift */ = {isa = PBXFileReference; lastKnownFileType = sourcecode.swift; path = MessageCell.swift; sourceTree = "<group>"; };
		201A4E9023F6715D0036B7FC /* T Messenger.app */ = {isa = PBXFileReference; explicitFileType = wrapper.application; includeInIndex = 0; path = "T Messenger.app"; sourceTree = BUILT_PRODUCTS_DIR; };
		201A4E9323F6715D0036B7FC /* AppDelegate.swift */ = {isa = PBXFileReference; lastKnownFileType = sourcecode.swift; path = AppDelegate.swift; sourceTree = "<group>"; };
		201A4E9723F6715D0036B7FC /* ProfileViewController.swift */ = {isa = PBXFileReference; lastKnownFileType = sourcecode.swift; path = ProfileViewController.swift; sourceTree = "<group>"; };
		201A4E9C23F671610036B7FC /* Assets.xcassets */ = {isa = PBXFileReference; lastKnownFileType = folder.assetcatalog; path = Assets.xcassets; sourceTree = "<group>"; };
		201A4E9F23F671610036B7FC /* Base */ = {isa = PBXFileReference; lastKnownFileType = file.storyboard; name = Base; path = Base.lproj/LaunchScreen.storyboard; sourceTree = "<group>"; };
		201A4EA123F671610036B7FC /* Info.plist */ = {isa = PBXFileReference; lastKnownFileType = text.plist.xml; path = Info.plist; sourceTree = "<group>"; };
		201BAE7B24307E8600217B1A /* StorageManager.swift */ = {isa = PBXFileReference; lastKnownFileType = sourcecode.swift; path = StorageManager.swift; sourceTree = "<group>"; };
		201BAE7D24307E9100217B1A /* IStorageManager.swift */ = {isa = PBXFileReference; lastKnownFileType = sourcecode.swift; path = IStorageManager.swift; sourceTree = "<group>"; };
		201BAE822430A61E00217B1A /* Model.xcdatamodel */ = {isa = PBXFileReference; lastKnownFileType = wrapper.xcdatamodel; path = Model.xcdatamodel; sourceTree = "<group>"; };
		201BAE842431043700217B1A /* CoreDataStack.swift */ = {isa = PBXFileReference; lastKnownFileType = sourcecode.swift; path = CoreDataStack.swift; sourceTree = "<group>"; };
		201BAE882431319A00217B1A /* CoreData+Extensions.swift */ = {isa = PBXFileReference; lastKnownFileType = sourcecode.swift; path = "CoreData+Extensions.swift"; sourceTree = "<group>"; };
		2039F8AA24543435000E7EBB /* AppDelegate+GestureRecognizer.swift */ = {isa = PBXFileReference; lastKnownFileType = sourcecode.swift; path = "AppDelegate+GestureRecognizer.swift"; sourceTree = "<group>"; };
		2041740B244C7A7800EBCF47 /* PixabayImage.swift */ = {isa = PBXFileReference; lastKnownFileType = sourcecode.swift; path = PixabayImage.swift; sourceTree = "<group>"; };
		2041740E244C7BFA00EBCF47 /* PixabayResponse.swift */ = {isa = PBXFileReference; lastKnownFileType = sourcecode.swift; path = PixabayResponse.swift; sourceTree = "<group>"; };
		20417412244C7ED300EBCF47 /* IRequestSender.swift */ = {isa = PBXFileReference; lastKnownFileType = sourcecode.swift; path = IRequestSender.swift; sourceTree = "<group>"; };
		20417414244C7F1400EBCF47 /* IRequest.swift */ = {isa = PBXFileReference; lastKnownFileType = sourcecode.swift; path = IRequest.swift; sourceTree = "<group>"; };
		20417416244C7F7400EBCF47 /* RequestSender.swift */ = {isa = PBXFileReference; lastKnownFileType = sourcecode.swift; path = RequestSender.swift; sourceTree = "<group>"; };
		20417418244C818F00EBCF47 /* PixabayRequest.swift */ = {isa = PBXFileReference; lastKnownFileType = sourcecode.swift; path = PixabayRequest.swift; sourceTree = "<group>"; };
		2041741A244C838A00EBCF47 /* ImageRequest.swift */ = {isa = PBXFileReference; lastKnownFileType = sourcecode.swift; path = ImageRequest.swift; sourceTree = "<group>"; };
		2041741F244C874600EBCF47 /* IPixabayService.swift */ = {isa = PBXFileReference; lastKnownFileType = sourcecode.swift; path = IPixabayService.swift; sourceTree = "<group>"; };
		20417421244C875500EBCF47 /* PixabayService.swift */ = {isa = PBXFileReference; lastKnownFileType = sourcecode.swift; path = PixabayService.swift; sourceTree = "<group>"; };
		20417423244C87AB00EBCF47 /* RequestsFactory.swift */ = {isa = PBXFileReference; lastKnownFileType = sourcecode.swift; path = RequestsFactory.swift; sourceTree = "<group>"; };
		20417428244C94B700EBCF47 /* AvatarCell.swift */ = {isa = PBXFileReference; lastKnownFileType = sourcecode.swift; path = AvatarCell.swift; sourceTree = "<group>"; };
		2041742A244C94F700EBCF47 /* AvatarCell.xib */ = {isa = PBXFileReference; lastKnownFileType = file.xib; path = AvatarCell.xib; sourceTree = "<group>"; };
		2041742D244C953700EBCF47 /* AvatarsModel.swift */ = {isa = PBXFileReference; lastKnownFileType = sourcecode.swift; path = AvatarsModel.swift; sourceTree = "<group>"; };
		20417431244C957C00EBCF47 /* AvatarsViewController.swift */ = {isa = PBXFileReference; lastKnownFileType = sourcecode.swift; path = AvatarsViewController.swift; sourceTree = "<group>"; };
		20417432244C957C00EBCF47 /* Avatars.xib */ = {isa = PBXFileReference; lastKnownFileType = file.xib; path = Avatars.xib; sourceTree = "<group>"; };
		20417435244C95B600EBCF47 /* Avatars+Delegates.swift */ = {isa = PBXFileReference; lastKnownFileType = sourcecode.swift; path = "Avatars+Delegates.swift"; sourceTree = "<group>"; };
		20417437244C95C900EBCF47 /* Avatars+DataSources.swift */ = {isa = PBXFileReference; lastKnownFileType = sourcecode.swift; path = "Avatars+DataSources.swift"; sourceTree = "<group>"; };
		2050A4312426788F0028318C /* MessageStruct.swift */ = {isa = PBXFileReference; lastKnownFileType = sourcecode.swift; path = MessageStruct.swift; sourceTree = "<group>"; };
		2050A43424267B2D0028318C /* IConversationManager.swift */ = {isa = PBXFileReference; lastKnownFileType = sourcecode.swift; path = IConversationManager.swift; sourceTree = "<group>"; };
		2050A43624267B3B0028318C /* FirebaseConversation.swift */ = {isa = PBXFileReference; lastKnownFileType = sourcecode.swift; path = FirebaseConversation.swift; sourceTree = "<group>"; };
		2050A43A242758B30028318C /* NotificationMethods.swift */ = {isa = PBXFileReference; lastKnownFileType = sourcecode.swift; path = NotificationMethods.swift; sourceTree = "<group>"; };
		20751F1E240C0148009E5780 /* AllChannelsViewController.swift */ = {isa = PBXFileReference; lastKnownFileType = sourcecode.swift; path = AllChannelsViewController.swift; sourceTree = "<group>"; };
		20751F20240C0167009E5780 /* ChannelViewController.swift */ = {isa = PBXFileReference; lastKnownFileType = sourcecode.swift; path = ChannelViewController.swift; sourceTree = "<group>"; };
		20AB9066243A4C7700DD509A /* GoogleService-Info.plist */ = {isa = PBXFileReference; fileEncoding = 4; lastKnownFileType = text.plist.xml; path = "GoogleService-Info.plist"; sourceTree = "<group>"; };
		20AF21B724559F4300C10B9D /* CustomAnimations.swift */ = {isa = PBXFileReference; lastKnownFileType = sourcecode.swift; path = CustomAnimations.swift; sourceTree = "<group>"; };
		20AF21B92455A10100C10B9D /* PresentationUtils.swift */ = {isa = PBXFileReference; lastKnownFileType = sourcecode.swift; path = PresentationUtils.swift; sourceTree = "<group>"; };
		20CCD7B1240C1D1200C6C9A6 /* IConfigurableView.swift */ = {isa = PBXFileReference; lastKnownFileType = sourcecode.swift; path = IConfigurableView.swift; sourceTree = "<group>"; };
		20DDAD5E24432EA500CCBE25 /* Profile+Delegates.swift */ = {isa = PBXFileReference; lastKnownFileType = sourcecode.swift; path = "Profile+Delegates.swift"; sourceTree = "<group>"; };
		20DDAD6024432FCF00CCBE25 /* AllChannels+Delegates.swift */ = {isa = PBXFileReference; lastKnownFileType = sourcecode.swift; path = "AllChannels+Delegates.swift"; sourceTree = "<group>"; };
		20DDAD622443303500CCBE25 /* AllChannels+DataSources.swift */ = {isa = PBXFileReference; lastKnownFileType = sourcecode.swift; path = "AllChannels+DataSources.swift"; sourceTree = "<group>"; };
		20DDAD64244330BF00CCBE25 /* Channel+Delegates.swift */ = {isa = PBXFileReference; lastKnownFileType = sourcecode.swift; path = "Channel+Delegates.swift"; sourceTree = "<group>"; };
		20DDAD66244330DE00CCBE25 /* Channel+DataSources.swift */ = {isa = PBXFileReference; lastKnownFileType = sourcecode.swift; path = "Channel+DataSources.swift"; sourceTree = "<group>"; };
		20DDAD7124434AAB00CCBE25 /* ProfileModel.swift */ = {isa = PBXFileReference; lastKnownFileType = sourcecode.swift; path = ProfileModel.swift; sourceTree = "<group>"; };
		20DDAD7324434ABA00CCBE25 /* AllChannelsModel.swift */ = {isa = PBXFileReference; lastKnownFileType = sourcecode.swift; path = AllChannelsModel.swift; sourceTree = "<group>"; };
		20DDAD7524434AC900CCBE25 /* ChannelModel.swift */ = {isa = PBXFileReference; lastKnownFileType = sourcecode.swift; path = ChannelModel.swift; sourceTree = "<group>"; };
		20DDAD7824434C3300CCBE25 /* Date+Formatter.swift */ = {isa = PBXFileReference; lastKnownFileType = sourcecode.swift; path = "Date+Formatter.swift"; sourceTree = "<group>"; };
		20DDAD7A24435BCD00CCBE25 /* IConversationService.swift */ = {isa = PBXFileReference; lastKnownFileType = sourcecode.swift; path = IConversationService.swift; sourceTree = "<group>"; };
		20DDAD7C24435BF200CCBE25 /* FirebaseService.swift */ = {isa = PBXFileReference; lastKnownFileType = sourcecode.swift; path = FirebaseService.swift; sourceTree = "<group>"; };
		20DDAD7E24435EBC00CCBE25 /* RootAssembly.swift */ = {isa = PBXFileReference; lastKnownFileType = sourcecode.swift; path = RootAssembly.swift; sourceTree = "<group>"; };
		20DDAD8324435F8200CCBE25 /* ICoreAssembly.swift */ = {isa = PBXFileReference; lastKnownFileType = sourcecode.swift; path = ICoreAssembly.swift; sourceTree = "<group>"; };
		20DDAD8524435F9600CCBE25 /* CoreAssembly.swift */ = {isa = PBXFileReference; lastKnownFileType = sourcecode.swift; path = CoreAssembly.swift; sourceTree = "<group>"; };
		20DDAD872443623C00CCBE25 /* IServicesAssembly.swift */ = {isa = PBXFileReference; lastKnownFileType = sourcecode.swift; path = IServicesAssembly.swift; sourceTree = "<group>"; };
		20DDAD8A244364B300CCBE25 /* IStorageService.swift */ = {isa = PBXFileReference; lastKnownFileType = sourcecode.swift; path = IStorageService.swift; sourceTree = "<group>"; };
		20DDAD8C244364BC00CCBE25 /* StorageService.swift */ = {isa = PBXFileReference; lastKnownFileType = sourcecode.swift; path = StorageService.swift; sourceTree = "<group>"; };
		20DDAD8E2443658800CCBE25 /* ServicesAssembly.swift */ = {isa = PBXFileReference; lastKnownFileType = sourcecode.swift; path = ServicesAssembly.swift; sourceTree = "<group>"; };
		20DDAD9024437CE500CCBE25 /* ChannelStruct.swift */ = {isa = PBXFileReference; lastKnownFileType = sourcecode.swift; path = ChannelStruct.swift; sourceTree = "<group>"; };
		20DDAD92244382A900CCBE25 /* IPresentationAssembly.swift */ = {isa = PBXFileReference; lastKnownFileType = sourcecode.swift; path = IPresentationAssembly.swift; sourceTree = "<group>"; };
		20DDAD942443830A00CCBE25 /* PresentationAssembly.swift */ = {isa = PBXFileReference; lastKnownFileType = sourcecode.swift; path = PresentationAssembly.swift; sourceTree = "<group>"; };
		20DDAD9A2443A56F00CCBE25 /* AllChannels.xib */ = {isa = PBXFileReference; lastKnownFileType = file.xib; path = AllChannels.xib; sourceTree = "<group>"; };
		20DDAD9C2443AA0100CCBE25 /* ChatCell.xib */ = {isa = PBXFileReference; lastKnownFileType = file.xib; path = ChatCell.xib; sourceTree = "<group>"; };
		5FE9B76EF40B79540D7A72AC /* Pods_T_Messenger.framework */ = {isa = PBXFileReference; explicitFileType = wrapper.framework; includeInIndex = 0; path = Pods_T_Messenger.framework; sourceTree = BUILT_PRODUCTS_DIR; };
		CA3D98729F2AAD78745169BB /* Pods-T Messenger.debug.xcconfig */ = {isa = PBXFileReference; includeInIndex = 1; lastKnownFileType = text.xcconfig; name = "Pods-T Messenger.debug.xcconfig"; path = "Target Support Files/Pods-T Messenger/Pods-T Messenger.debug.xcconfig"; sourceTree = "<group>"; };
/* End PBXFileReference section */

/* Begin PBXFrameworksBuildPhase section */
		201A4E8D23F6715D0036B7FC /* Frameworks */ = {
			isa = PBXFrameworksBuildPhase;
			buildActionMask = 2147483647;
			files = (
				AE120022E1376CCE65CDD3F5 /* Pods_T_Messenger.framework in Frameworks */,
			);
			runOnlyForDeploymentPostprocessing = 0;
		};
/* End PBXFrameworksBuildPhase section */

/* Begin PBXGroup section */
		201A4E8723F6715D0036B7FC = {
			isa = PBXGroup;
			children = (
				20DDAD7E24435EBC00CCBE25 /* RootAssembly.swift */,
				201A4E9223F6715D0036B7FC /* T Messenger */,
				201A4E9123F6715D0036B7FC /* Products */,
				5601EE936350F75E15284FA6 /* Pods */,
				71F0F5B9C394E18F09467BDD /* Frameworks */,
			);
			sourceTree = "<group>";
		};
		201A4E9123F6715D0036B7FC /* Products */ = {
			isa = PBXGroup;
			children = (
				201A4E9023F6715D0036B7FC /* T Messenger.app */,
			);
			name = Products;
			sourceTree = "<group>";
		};
		201A4E9223F6715D0036B7FC /* T Messenger */ = {
			isa = PBXGroup;
			children = (
				20DDAD522443128700CCBE25 /* 1. PresentationLayer */,
				20DDAD53244312B300CCBE25 /* 2. ServiceLayer */,
				20DDAD54244312BD00CCBE25 /* 3. CoreLayer */,
				20DDAD55244312C700CCBE25 /* Supporting Files */,
				201A4E9323F6715D0036B7FC /* AppDelegate.swift */,
			);
			path = "T Messenger";
			sourceTree = "<group>";
		};
		201BAE7A2430760F00217B1A /* StorageManager */ = {
			isa = PBXGroup;
			children = (
				201BAE7D24307E9100217B1A /* IStorageManager.swift */,
				201BAE7B24307E8600217B1A /* StorageManager.swift */,
				201BAE842431043700217B1A /* CoreDataStack.swift */,
			);
			path = StorageManager;
			sourceTree = "<group>";
		};
		20417407244C770E00EBCF47 /* NetworkManager */ = {
			isa = PBXGroup;
			children = (
				2041740A244C790800EBCF47 /* RequestManager */,
				20417409244C78BE00EBCF47 /* Requests */,
				20417408244C78B500EBCF47 /* Objects */,
				20417423244C87AB00EBCF47 /* RequestsFactory.swift */,
			);
			path = NetworkManager;
			sourceTree = "<group>";
		};
		20417408244C78B500EBCF47 /* Objects */ = {
			isa = PBXGroup;
			children = (
				2041740D244C7BB100EBCF47 /* Pixabay */,
			);
			path = Objects;
			sourceTree = "<group>";
		};
		20417409244C78BE00EBCF47 /* Requests */ = {
			isa = PBXGroup;
			children = (
				20417414244C7F1400EBCF47 /* IRequest.swift */,
				20417418244C818F00EBCF47 /* PixabayRequest.swift */,
				2041741A244C838A00EBCF47 /* ImageRequest.swift */,
			);
			path = Requests;
			sourceTree = "<group>";
		};
		2041740A244C790800EBCF47 /* RequestManager */ = {
			isa = PBXGroup;
			children = (
				20417412244C7ED300EBCF47 /* IRequestSender.swift */,
				20417416244C7F7400EBCF47 /* RequestSender.swift */,
			);
			path = RequestManager;
			sourceTree = "<group>";
		};
		2041740D244C7BB100EBCF47 /* Pixabay */ = {
			isa = PBXGroup;
			children = (
				2041740E244C7BFA00EBCF47 /* PixabayResponse.swift */,
				2041740B244C7A7800EBCF47 /* PixabayImage.swift */,
			);
			path = Pixabay;
			sourceTree = "<group>";
		};
		2041741E244C871F00EBCF47 /* PixabayService */ = {
			isa = PBXGroup;
			children = (
				2041741F244C874600EBCF47 /* IPixabayService.swift */,
				20417421244C875500EBCF47 /* PixabayService.swift */,
			);
			path = PixabayService;
			sourceTree = "<group>";
		};
		20417427244C949F00EBCF47 /* AvatarCell */ = {
			isa = PBXGroup;
			children = (
				20417428244C94B700EBCF47 /* AvatarCell.swift */,
				2041742A244C94F700EBCF47 /* AvatarCell.xib */,
			);
			path = AvatarCell;
			sourceTree = "<group>";
		};
		2041742C244C950C00EBCF47 /* AvatarsViewController */ = {
			isa = PBXGroup;
			children = (
				2041742D244C953700EBCF47 /* AvatarsModel.swift */,
				20417431244C957C00EBCF47 /* AvatarsViewController.swift */,
				20417435244C95B600EBCF47 /* Avatars+Delegates.swift */,
				20417437244C95C900EBCF47 /* Avatars+DataSources.swift */,
				20417432244C957C00EBCF47 /* Avatars.xib */,
			);
			path = AvatarsViewController;
			sourceTree = "<group>";
		};
		2050A43324267B0A0028318C /* ConversationManager */ = {
			isa = PBXGroup;
			children = (
				2050A43424267B2D0028318C /* IConversationManager.swift */,
				2050A43624267B3B0028318C /* FirebaseConversation.swift */,
			);
			path = ConversationManager;
			sourceTree = "<group>";
		};
		20751F23240C0183009E5780 /* DataModels */ = {
			isa = PBXGroup;
			children = (
				20DDAD9024437CE500CCBE25 /* ChannelStruct.swift */,
				2050A4312426788F0028318C /* MessageStruct.swift */,
				201BAE882431319A00217B1A /* CoreData+Extensions.swift */,
			);
			path = DataModels;
			sourceTree = "<group>";
		};
		20751F24240C02D8009E5780 /* Cells */ = {
			isa = PBXGroup;
			children = (
				20DDAD682443331000CCBE25 /* ChatCell */,
				20417427244C949F00EBCF47 /* AvatarCell */,
				20DDAD692443332000CCBE25 /* MessageCell */,
				20CCD7B1240C1D1200C6C9A6 /* IConfigurableView.swift */,
			);
			path = Cells;
			sourceTree = "<group>";
		};
		2087EF7624261CFC00AF97BE /* Storyboards */ = {
			isa = PBXGroup;
			children = (
				201A4E9E23F671610036B7FC /* LaunchScreen.storyboard */,
			);
			path = Storyboards;
			sourceTree = "<group>";
		};
		20DDAD522443128700CCBE25 /* 1. PresentationLayer */ = {
			isa = PBXGroup;
			children = (
				20DDAD8224435F7400CCBE25 /* Assembly */,
				20DDAD5924431F9800CCBE25 /* Modules */,
				20DDAD5824431F7500CCBE25 /* Notifications */,
				20DDAD5724431F5A00CCBE25 /* Animations */,
				20AF21B92455A10100C10B9D /* PresentationUtils.swift */,
			);
			path = "1. PresentationLayer";
			sourceTree = "<group>";
		};
		20DDAD53244312B300CCBE25 /* 2. ServiceLayer */ = {
			isa = PBXGroup;
			children = (
				20DDAD8124435F2B00CCBE25 /* Assembly */,
				20DDAD5D24432D0400CCBE25 /* ConversationService */,
				2041741E244C871F00EBCF47 /* PixabayService */,
				20DDAD89244363C000CCBE25 /* StorageService */,
			);
			path = "2. ServiceLayer";
			sourceTree = "<group>";
		};
		20DDAD54244312BD00CCBE25 /* 3. CoreLayer */ = {
			isa = PBXGroup;
			children = (
				20DDAD8024435F1A00CCBE25 /* Assembly */,
				20DDAD7724434C2000CCBE25 /* Extensions */,
				20751F23240C0183009E5780 /* DataModels */,
				2050A43324267B0A0028318C /* ConversationManager */,
				20417407244C770E00EBCF47 /* NetworkManager */,
				201BAE7A2430760F00217B1A /* StorageManager */,
			);
			path = "3. CoreLayer";
			sourceTree = "<group>";
		};
		20DDAD55244312C700CCBE25 /* Supporting Files */ = {
			isa = PBXGroup;
			children = (
				20DF5AE2242621C30023E08E /* Plists */,
				2087EF7624261CFC00AF97BE /* Storyboards */,
				201A4E9C23F671610036B7FC /* Assets.xcassets */,
				201BAE812430A61E00217B1A /* Model.xcdatamodeld */,
			);
			path = "Supporting Files";
			sourceTree = "<group>";
		};
		20DDAD5724431F5A00CCBE25 /* Animations */ = {
			isa = PBXGroup;
			children = (
				2039F8AA24543435000E7EBB /* AppDelegate+GestureRecognizer.swift */,
				20AF21B724559F4300C10B9D /* CustomAnimations.swift */,
			);
			path = Animations;
			sourceTree = "<group>";
		};
		20DDAD5824431F7500CCBE25 /* Notifications */ = {
			isa = PBXGroup;
			children = (
				2050A43A242758B30028318C /* NotificationMethods.swift */,
			);
			path = Notifications;
			sourceTree = "<group>";
		};
		20DDAD5924431F9800CCBE25 /* Modules */ = {
			isa = PBXGroup;
			children = (
				20751F24240C02D8009E5780 /* Cells */,
				20DDAD5A24431FB300CCBE25 /* ProfileViewController */,
				2041742C244C950C00EBCF47 /* AvatarsViewController */,
				20DDAD5B24431FBC00CCBE25 /* AllChannelsViewController */,
				20DDAD5C24431FC500CCBE25 /* ChannelViewController */,
			);
			path = Modules;
			sourceTree = "<group>";
		};
		20DDAD5A24431FB300CCBE25 /* ProfileViewController */ = {
			isa = PBXGroup;
			children = (
				20DDAD7124434AAB00CCBE25 /* ProfileModel.swift */,
				201A4E9723F6715D0036B7FC /* ProfileViewController.swift */,
				20DDAD5E24432EA500CCBE25 /* Profile+Delegates.swift */,
				2002A3E62443B28D00B50B12 /* Profile.xib */,
			);
			path = ProfileViewController;
			sourceTree = "<group>";
		};
		20DDAD5B24431FBC00CCBE25 /* AllChannelsViewController */ = {
			isa = PBXGroup;
			children = (
				20DDAD7324434ABA00CCBE25 /* AllChannelsModel.swift */,
				20751F1E240C0148009E5780 /* AllChannelsViewController.swift */,
				20DDAD6024432FCF00CCBE25 /* AllChannels+Delegates.swift */,
				20DDAD622443303500CCBE25 /* AllChannels+DataSources.swift */,
				20DDAD9A2443A56F00CCBE25 /* AllChannels.xib */,
			);
			path = AllChannelsViewController;
			sourceTree = "<group>";
		};
		20DDAD5C24431FC500CCBE25 /* ChannelViewController */ = {
			isa = PBXGroup;
			children = (
				20DDAD7524434AC900CCBE25 /* ChannelModel.swift */,
				20751F20240C0167009E5780 /* ChannelViewController.swift */,
				20DDAD64244330BF00CCBE25 /* Channel+Delegates.swift */,
				20DDAD66244330DE00CCBE25 /* Channel+DataSources.swift */,
				2002A3E82443B3C500B50B12 /* Channel.xib */,
			);
			path = ChannelViewController;
			sourceTree = "<group>";
		};
		20DDAD5D24432D0400CCBE25 /* ConversationService */ = {
			isa = PBXGroup;
			children = (
				20DDAD7A24435BCD00CCBE25 /* IConversationService.swift */,
				20DDAD7C24435BF200CCBE25 /* FirebaseService.swift */,
			);
			path = ConversationService;
			sourceTree = "<group>";
		};
		20DDAD682443331000CCBE25 /* ChatCell */ = {
			isa = PBXGroup;
			children = (
				200EBD9D240C051400D97EB5 /* ChatCell.swift */,
				20DDAD9C2443AA0100CCBE25 /* ChatCell.xib */,
			);
			path = ChatCell;
			sourceTree = "<group>";
		};
		20DDAD692443332000CCBE25 /* MessageCell */ = {
			isa = PBXGroup;
			children = (
				200EBDA8240C1B3000D97EB5 /* MessageCell.swift */,
				2002A3EA2443B40B00B50B12 /* inMessageCell.xib */,
				2002A3EC2443B41800B50B12 /* outMessageCell.xib */,
			);
			path = MessageCell;
			sourceTree = "<group>";
		};
		20DDAD7724434C2000CCBE25 /* Extensions */ = {
			isa = PBXGroup;
			children = (
				20DDAD7824434C3300CCBE25 /* Date+Formatter.swift */,
			);
			path = Extensions;
			sourceTree = "<group>";
		};
		20DDAD8024435F1A00CCBE25 /* Assembly */ = {
			isa = PBXGroup;
			children = (
				20DDAD8324435F8200CCBE25 /* ICoreAssembly.swift */,
				20DDAD8524435F9600CCBE25 /* CoreAssembly.swift */,
			);
			path = Assembly;
			sourceTree = "<group>";
		};
		20DDAD8124435F2B00CCBE25 /* Assembly */ = {
			isa = PBXGroup;
			children = (
				20DDAD872443623C00CCBE25 /* IServicesAssembly.swift */,
				20DDAD8E2443658800CCBE25 /* ServicesAssembly.swift */,
			);
			path = Assembly;
			sourceTree = "<group>";
		};
		20DDAD8224435F7400CCBE25 /* Assembly */ = {
			isa = PBXGroup;
			children = (
				20DDAD92244382A900CCBE25 /* IPresentationAssembly.swift */,
				20DDAD942443830A00CCBE25 /* PresentationAssembly.swift */,
			);
			path = Assembly;
			sourceTree = "<group>";
		};
		20DDAD89244363C000CCBE25 /* StorageService */ = {
			isa = PBXGroup;
			children = (
				20DDAD8A244364B300CCBE25 /* IStorageService.swift */,
				20DDAD8C244364BC00CCBE25 /* StorageService.swift */,
			);
			path = StorageService;
			sourceTree = "<group>";
		};
		20DF5AE2242621C30023E08E /* Plists */ = {
			isa = PBXGroup;
			children = (
				201A4EA123F671610036B7FC /* Info.plist */,
				20AB9066243A4C7700DD509A /* GoogleService-Info.plist */,
			);
			path = Plists;
			sourceTree = "<group>";
		};
		5601EE936350F75E15284FA6 /* Pods */ = {
			isa = PBXGroup;
			children = (
				CA3D98729F2AAD78745169BB /* Pods-T Messenger.debug.xcconfig */,
				1A2ECE55287A73A67F9CEE54 /* Pods-T Messenger.release.xcconfig */,
			);
			path = Pods;
			sourceTree = "<group>";
		};
		71F0F5B9C394E18F09467BDD /* Frameworks */ = {
			isa = PBXGroup;
			children = (
				5FE9B76EF40B79540D7A72AC /* Pods_T_Messenger.framework */,
			);
			name = Frameworks;
			sourceTree = "<group>";
		};
/* End PBXGroup section */

/* Begin PBXNativeTarget section */
		201A4E8F23F6715D0036B7FC /* T Messenger */ = {
			isa = PBXNativeTarget;
			buildConfigurationList = 201A4EA423F671610036B7FC /* Build configuration list for PBXNativeTarget "T Messenger" */;
			buildPhases = (
				81C1E07CEAF5DD9DDDB2304E /* [CP] Check Pods Manifest.lock */,
				201A4E8C23F6715D0036B7FC /* Sources */,
				201A4E8D23F6715D0036B7FC /* Frameworks */,
				201A4E8E23F6715D0036B7FC /* Resources */,
				2044E6FF241CF04500789861 /* ShellScript */,
				C80C3DE5E4115E2CA6F3C083 /* [CP] Embed Pods Frameworks */,
			);
			buildRules = (
			);
			dependencies = (
			);
			name = "T Messenger";
			productName = "T Messenger";
			productReference = 201A4E9023F6715D0036B7FC /* T Messenger.app */;
			productType = "com.apple.product-type.application";
		};
/* End PBXNativeTarget section */

/* Begin PBXProject section */
		201A4E8823F6715D0036B7FC /* Project object */ = {
			isa = PBXProject;
			attributes = {
				LastSwiftUpdateCheck = 1110;
				LastUpgradeCheck = 1110;
				ORGANIZATIONNAME = "Andrey Ivshin";
				TargetAttributes = {
					201A4E8F23F6715D0036B7FC = {
						CreatedOnToolsVersion = 11.1;
					};
				};
			};
			buildConfigurationList = 201A4E8B23F6715D0036B7FC /* Build configuration list for PBXProject "T Messenger" */;
			compatibilityVersion = "Xcode 9.3";
			developmentRegion = en;
			hasScannedForEncodings = 0;
			knownRegions = (
				en,
				Base,
			);
			mainGroup = 201A4E8723F6715D0036B7FC;
			productRefGroup = 201A4E9123F6715D0036B7FC /* Products */;
			projectDirPath = "";
			projectRoot = "";
			targets = (
				201A4E8F23F6715D0036B7FC /* T Messenger */,
			);
		};
/* End PBXProject section */

/* Begin PBXResourcesBuildPhase section */
		201A4E8E23F6715D0036B7FC /* Resources */ = {
			isa = PBXResourcesBuildPhase;
			buildActionMask = 2147483647;
			files = (
				201A4EA023F671610036B7FC /* LaunchScreen.storyboard in Resources */,
				20DDAD9D2443AA0100CCBE25 /* ChatCell.xib in Resources */,
				2041742B244C94F700EBCF47 /* AvatarCell.xib in Resources */,
				20AB9067243A4C7700DD509A /* GoogleService-Info.plist in Resources */,
				20417434244C957C00EBCF47 /* Avatars.xib in Resources */,
				201A4E9D23F671610036B7FC /* Assets.xcassets in Resources */,
				20DDAD9B2443A56F00CCBE25 /* AllChannels.xib in Resources */,
				2002A3E92443B3C500B50B12 /* Channel.xib in Resources */,
				2002A3EB2443B40B00B50B12 /* inMessageCell.xib in Resources */,
				2002A3ED2443B41800B50B12 /* outMessageCell.xib in Resources */,
				2002A3E72443B28D00B50B12 /* Profile.xib in Resources */,
			);
			runOnlyForDeploymentPostprocessing = 0;
		};
/* End PBXResourcesBuildPhase section */

/* Begin PBXShellScriptBuildPhase section */
		2044E6FF241CF04500789861 /* ShellScript */ = {
			isa = PBXShellScriptBuildPhase;
			buildActionMask = 2147483647;
			files = (
			);
			inputFileListPaths = (
			);
			inputPaths = (
			);
			outputFileListPaths = (
			);
			outputPaths = (
			);
			runOnlyForDeploymentPostprocessing = 0;
			shellPath = /bin/sh;
			shellScript = "if which swiftlint >/dev/null; then\n  swiftlint\nelse\n  echo \"warning: SwiftLint not installed, download from https://github.com/realm/SwiftLint\"\nfi\n";
		};
		81C1E07CEAF5DD9DDDB2304E /* [CP] Check Pods Manifest.lock */ = {
			isa = PBXShellScriptBuildPhase;
			buildActionMask = 2147483647;
			files = (
			);
			inputFileListPaths = (
			);
			inputPaths = (
				"${PODS_PODFILE_DIR_PATH}/Podfile.lock",
				"${PODS_ROOT}/Manifest.lock",
			);
			name = "[CP] Check Pods Manifest.lock";
			outputFileListPaths = (
			);
			outputPaths = (
				"$(DERIVED_FILE_DIR)/Pods-T Messenger-checkManifestLockResult.txt",
			);
			runOnlyForDeploymentPostprocessing = 0;
			shellPath = /bin/sh;
			shellScript = "diff \"${PODS_PODFILE_DIR_PATH}/Podfile.lock\" \"${PODS_ROOT}/Manifest.lock\" > /dev/null\nif [ $? != 0 ] ; then\n    # print error to STDERR\n    echo \"error: The sandbox is not in sync with the Podfile.lock. Run 'pod install' or update your CocoaPods installation.\" >&2\n    exit 1\nfi\n# This output is used by Xcode 'outputs' to avoid re-running this script phase.\necho \"SUCCESS\" > \"${SCRIPT_OUTPUT_FILE_0}\"\n";
			showEnvVarsInLog = 0;
		};
		C80C3DE5E4115E2CA6F3C083 /* [CP] Embed Pods Frameworks */ = {
			isa = PBXShellScriptBuildPhase;
			buildActionMask = 2147483647;
			files = (
			);
			inputFileListPaths = (
				"${PODS_ROOT}/Target Support Files/Pods-T Messenger/Pods-T Messenger-frameworks-${CONFIGURATION}-input-files.xcfilelist",
			);
			name = "[CP] Embed Pods Frameworks";
			outputFileListPaths = (
				"${PODS_ROOT}/Target Support Files/Pods-T Messenger/Pods-T Messenger-frameworks-${CONFIGURATION}-output-files.xcfilelist",
			);
			runOnlyForDeploymentPostprocessing = 0;
			shellPath = /bin/sh;
			shellScript = "\"${PODS_ROOT}/Target Support Files/Pods-T Messenger/Pods-T Messenger-frameworks.sh\"\n";
			showEnvVarsInLog = 0;
		};
/* End PBXShellScriptBuildPhase section */

/* Begin PBXSourcesBuildPhase section */
		201A4E8C23F6715D0036B7FC /* Sources */ = {
			isa = PBXSourcesBuildPhase;
			buildActionMask = 2147483647;
			files = (
				2050A4322426788F0028318C /* MessageStruct.swift in Sources */,
				20417417244C7F7400EBCF47 /* RequestSender.swift in Sources */,
				20DDAD8424435F8200CCBE25 /* ICoreAssembly.swift in Sources */,
				2050A43524267B2D0028318C /* IConversationManager.swift in Sources */,
				201A4E9823F6715D0036B7FC /* ProfileViewController.swift in Sources */,
				2039F8AB24543435000E7EBB /* AppDelegate+GestureRecognizer.swift in Sources */,
				2050A43724267B3B0028318C /* FirebaseConversation.swift in Sources */,
				20DDAD7624434AC900CCBE25 /* ChannelModel.swift in Sources */,
				20DDAD67244330DE00CCBE25 /* Channel+DataSources.swift in Sources */,
				20DDAD7924434C3300CCBE25 /* Date+Formatter.swift in Sources */,
				201A4E9423F6715D0036B7FC /* AppDelegate.swift in Sources */,
				201BAE7C24307E8600217B1A /* StorageManager.swift in Sources */,
				2041740C244C7A7800EBCF47 /* PixabayImage.swift in Sources */,
				201BAE7E24307E9100217B1A /* IStorageManager.swift in Sources */,
				200EBDA9240C1B3000D97EB5 /* MessageCell.swift in Sources */,
				20417420244C874600EBCF47 /* IPixabayService.swift in Sources */,
				20DDAD632443303500CCBE25 /* AllChannels+DataSources.swift in Sources */,
				2050A43B242758B30028318C /* NotificationMethods.swift in Sources */,
				20417415244C7F1400EBCF47 /* IRequest.swift in Sources */,
				20DDAD7D24435BF200CCBE25 /* FirebaseService.swift in Sources */,
				200EBD9E240C051400D97EB5 /* ChatCell.swift in Sources */,
				20417424244C87AB00EBCF47 /* RequestsFactory.swift in Sources */,
				20DDAD7424434ABA00CCBE25 /* AllChannelsModel.swift in Sources */,
				20CCD7B2240C1D1200C6C9A6 /* IConfigurableView.swift in Sources */,
				201BAE852431043700217B1A /* CoreDataStack.swift in Sources */,
				2041742E244C953700EBCF47 /* AvatarsModel.swift in Sources */,
				20417436244C95B600EBCF47 /* Avatars+Delegates.swift in Sources */,
				20AF21B824559F4300C10B9D /* CustomAnimations.swift in Sources */,
				20DDAD8D244364BC00CCBE25 /* StorageService.swift in Sources */,
				20417438244C95C900EBCF47 /* Avatars+DataSources.swift in Sources */,
				20DDAD7F24435EBC00CCBE25 /* RootAssembly.swift in Sources */,
				20DDAD7224434AAB00CCBE25 /* ProfileModel.swift in Sources */,
				20DDAD8624435F9600CCBE25 /* CoreAssembly.swift in Sources */,
				201BAE832430A61E00217B1A /* Model.xcdatamodeld in Sources */,
				20DDAD8F2443658800CCBE25 /* ServicesAssembly.swift in Sources */,
				20751F21240C0167009E5780 /* ChannelViewController.swift in Sources */,
				20DDAD5F24432EA500CCBE25 /* Profile+Delegates.swift in Sources */,
				20417419244C818F00EBCF47 /* PixabayRequest.swift in Sources */,
				20DDAD952443830A00CCBE25 /* PresentationAssembly.swift in Sources */,
				20417422244C875500EBCF47 /* PixabayService.swift in Sources */,
				20AF21BA2455A10100C10B9D /* PresentationUtils.swift in Sources */,
				20DDAD65244330BF00CCBE25 /* Channel+Delegates.swift in Sources */,
				20417413244C7ED300EBCF47 /* IRequestSender.swift in Sources */,
				2041741B244C838A00EBCF47 /* ImageRequest.swift in Sources */,
				20DDAD8B244364B300CCBE25 /* IStorageService.swift in Sources */,
				20DDAD882443623C00CCBE25 /* IServicesAssembly.swift in Sources */,
				20417429244C94B700EBCF47 /* AvatarCell.swift in Sources */,
				20751F1F240C0148009E5780 /* AllChannelsViewController.swift in Sources */,
				20417433244C957C00EBCF47 /* AvatarsViewController.swift in Sources */,
				20DDAD6124432FCF00CCBE25 /* AllChannels+Delegates.swift in Sources */,
				20DDAD93244382A900CCBE25 /* IPresentationAssembly.swift in Sources */,
				20DDAD9124437CE500CCBE25 /* ChannelStruct.swift in Sources */,
				2041740F244C7BFA00EBCF47 /* PixabayResponse.swift in Sources */,
				20DDAD7B24435BCD00CCBE25 /* IConversationService.swift in Sources */,
				201BAE892431319A00217B1A /* CoreData+Extensions.swift in Sources */,
			);
			runOnlyForDeploymentPostprocessing = 0;
		};
/* End PBXSourcesBuildPhase section */

/* Begin PBXVariantGroup section */
		201A4E9E23F671610036B7FC /* LaunchScreen.storyboard */ = {
			isa = PBXVariantGroup;
			children = (
				201A4E9F23F671610036B7FC /* Base */,
			);
			name = LaunchScreen.storyboard;
			sourceTree = "<group>";
		};
/* End PBXVariantGroup section */

/* Begin XCBuildConfiguration section */
		201A4EA223F671610036B7FC /* Debug */ = {
			isa = XCBuildConfiguration;
			buildSettings = {
				ALWAYS_SEARCH_USER_PATHS = NO;
				CLANG_ANALYZER_NONNULL = YES;
				CLANG_ANALYZER_NUMBER_OBJECT_CONVERSION = YES_AGGRESSIVE;
				CLANG_CXX_LANGUAGE_STANDARD = "gnu++14";
				CLANG_CXX_LIBRARY = "libc++";
				CLANG_ENABLE_MODULES = YES;
				CLANG_ENABLE_OBJC_ARC = YES;
				CLANG_ENABLE_OBJC_WEAK = YES;
				CLANG_WARN_BLOCK_CAPTURE_AUTORELEASING = YES;
				CLANG_WARN_BOOL_CONVERSION = YES;
				CLANG_WARN_COMMA = YES;
				CLANG_WARN_CONSTANT_CONVERSION = YES;
				CLANG_WARN_DEPRECATED_OBJC_IMPLEMENTATIONS = YES;
				CLANG_WARN_DIRECT_OBJC_ISA_USAGE = YES_ERROR;
				CLANG_WARN_DOCUMENTATION_COMMENTS = YES;
				CLANG_WARN_EMPTY_BODY = YES;
				CLANG_WARN_ENUM_CONVERSION = YES;
				CLANG_WARN_INFINITE_RECURSION = YES;
				CLANG_WARN_INT_CONVERSION = YES;
				CLANG_WARN_NON_LITERAL_NULL_CONVERSION = YES;
				CLANG_WARN_OBJC_IMPLICIT_RETAIN_SELF = YES;
				CLANG_WARN_OBJC_LITERAL_CONVERSION = YES;
				CLANG_WARN_OBJC_ROOT_CLASS = YES_ERROR;
				CLANG_WARN_RANGE_LOOP_ANALYSIS = YES;
				CLANG_WARN_STRICT_PROTOTYPES = YES;
				CLANG_WARN_SUSPICIOUS_MOVE = YES;
				CLANG_WARN_UNGUARDED_AVAILABILITY = YES_AGGRESSIVE;
				CLANG_WARN_UNREACHABLE_CODE = YES;
				CLANG_WARN__DUPLICATE_METHOD_MATCH = YES;
				COPY_PHASE_STRIP = NO;
				DEBUG_INFORMATION_FORMAT = dwarf;
				ENABLE_STRICT_OBJC_MSGSEND = YES;
				ENABLE_TESTABILITY = YES;
				GCC_C_LANGUAGE_STANDARD = gnu11;
				GCC_DYNAMIC_NO_PIC = NO;
				GCC_NO_COMMON_BLOCKS = YES;
				GCC_OPTIMIZATION_LEVEL = 0;
				GCC_PREPROCESSOR_DEFINITIONS = (
					"DEBUG=1",
					"$(inherited)",
				);
				GCC_WARN_64_TO_32_BIT_CONVERSION = YES;
				GCC_WARN_ABOUT_RETURN_TYPE = YES_ERROR;
				GCC_WARN_UNDECLARED_SELECTOR = YES;
				GCC_WARN_UNINITIALIZED_AUTOS = YES_AGGRESSIVE;
				GCC_WARN_UNUSED_FUNCTION = YES;
				GCC_WARN_UNUSED_VARIABLE = YES;
				IPHONEOS_DEPLOYMENT_TARGET = 13.1;
				MTL_ENABLE_DEBUG_INFO = INCLUDE_SOURCE;
				MTL_FAST_MATH = YES;
				ONLY_ACTIVE_ARCH = YES;
				SDKROOT = iphoneos;
				SWIFT_ACTIVE_COMPILATION_CONDITIONS = DEBUG;
				SWIFT_OPTIMIZATION_LEVEL = "-Onone";
			};
			name = Debug;
		};
		201A4EA323F671610036B7FC /* Release */ = {
			isa = XCBuildConfiguration;
			buildSettings = {
				ALWAYS_SEARCH_USER_PATHS = NO;
				CLANG_ANALYZER_NONNULL = YES;
				CLANG_ANALYZER_NUMBER_OBJECT_CONVERSION = YES_AGGRESSIVE;
				CLANG_CXX_LANGUAGE_STANDARD = "gnu++14";
				CLANG_CXX_LIBRARY = "libc++";
				CLANG_ENABLE_MODULES = YES;
				CLANG_ENABLE_OBJC_ARC = YES;
				CLANG_ENABLE_OBJC_WEAK = YES;
				CLANG_WARN_BLOCK_CAPTURE_AUTORELEASING = YES;
				CLANG_WARN_BOOL_CONVERSION = YES;
				CLANG_WARN_COMMA = YES;
				CLANG_WARN_CONSTANT_CONVERSION = YES;
				CLANG_WARN_DEPRECATED_OBJC_IMPLEMENTATIONS = YES;
				CLANG_WARN_DIRECT_OBJC_ISA_USAGE = YES_ERROR;
				CLANG_WARN_DOCUMENTATION_COMMENTS = YES;
				CLANG_WARN_EMPTY_BODY = YES;
				CLANG_WARN_ENUM_CONVERSION = YES;
				CLANG_WARN_INFINITE_RECURSION = YES;
				CLANG_WARN_INT_CONVERSION = YES;
				CLANG_WARN_NON_LITERAL_NULL_CONVERSION = YES;
				CLANG_WARN_OBJC_IMPLICIT_RETAIN_SELF = YES;
				CLANG_WARN_OBJC_LITERAL_CONVERSION = YES;
				CLANG_WARN_OBJC_ROOT_CLASS = YES_ERROR;
				CLANG_WARN_RANGE_LOOP_ANALYSIS = YES;
				CLANG_WARN_STRICT_PROTOTYPES = YES;
				CLANG_WARN_SUSPICIOUS_MOVE = YES;
				CLANG_WARN_UNGUARDED_AVAILABILITY = YES_AGGRESSIVE;
				CLANG_WARN_UNREACHABLE_CODE = YES;
				CLANG_WARN__DUPLICATE_METHOD_MATCH = YES;
				COPY_PHASE_STRIP = NO;
				DEBUG_INFORMATION_FORMAT = "dwarf-with-dsym";
				ENABLE_NS_ASSERTIONS = NO;
				ENABLE_STRICT_OBJC_MSGSEND = YES;
				GCC_C_LANGUAGE_STANDARD = gnu11;
				GCC_NO_COMMON_BLOCKS = YES;
				GCC_WARN_64_TO_32_BIT_CONVERSION = YES;
				GCC_WARN_ABOUT_RETURN_TYPE = YES_ERROR;
				GCC_WARN_UNDECLARED_SELECTOR = YES;
				GCC_WARN_UNINITIALIZED_AUTOS = YES_AGGRESSIVE;
				GCC_WARN_UNUSED_FUNCTION = YES;
				GCC_WARN_UNUSED_VARIABLE = YES;
				IPHONEOS_DEPLOYMENT_TARGET = 13.1;
				MTL_ENABLE_DEBUG_INFO = NO;
				MTL_FAST_MATH = YES;
				SDKROOT = iphoneos;
				SWIFT_COMPILATION_MODE = wholemodule;
				SWIFT_OPTIMIZATION_LEVEL = "-O";
				VALIDATE_PRODUCT = YES;
			};
			name = Release;
		};
		201A4EA523F671610036B7FC /* Debug */ = {
			isa = XCBuildConfiguration;
			baseConfigurationReference = CA3D98729F2AAD78745169BB /* Pods-T Messenger.debug.xcconfig */;
			buildSettings = {
				ASSETCATALOG_COMPILER_APPICON_NAME = AppIcon;
				CODE_SIGN_STYLE = Automatic;
				INFOPLIST_FILE = "T Messenger/Supporting Files/Plists/Info.plist";
				IPHONEOS_DEPLOYMENT_TARGET = 11.0;
				LD_RUNPATH_SEARCH_PATHS = (
					"$(inherited)",
					"@executable_path/Frameworks",
				);
				MARKETING_VERSION = 0.11;
				PRODUCT_BUNDLE_IDENTIFIER = ru.tinkoff.messenger;
				PRODUCT_NAME = "$(TARGET_NAME)";
				SWIFT_ACTIVE_COMPILATION_CONDITIONS = DEBUG;
				SWIFT_VERSION = 5.0;
				TARGETED_DEVICE_FAMILY = 1;
			};
			name = Debug;
		};
		201A4EA623F671610036B7FC /* Release */ = {
			isa = XCBuildConfiguration;
			baseConfigurationReference = 1A2ECE55287A73A67F9CEE54 /* Pods-T Messenger.release.xcconfig */;
			buildSettings = {
				ASSETCATALOG_COMPILER_APPICON_NAME = AppIcon;
				CODE_SIGN_STYLE = Automatic;
				INFOPLIST_FILE = "T Messenger/Supporting Files/Plists/Info.plist";
				IPHONEOS_DEPLOYMENT_TARGET = 11.0;
				LD_RUNPATH_SEARCH_PATHS = (
					"$(inherited)",
					"@executable_path/Frameworks",
				);
				MARKETING_VERSION = 0.11;
				PRODUCT_BUNDLE_IDENTIFIER = ru.tinkoff.messenger;
				PRODUCT_NAME = "$(TARGET_NAME)";
				SWIFT_VERSION = 5.0;
				TARGETED_DEVICE_FAMILY = 1;
			};
			name = Release;
		};
/* End XCBuildConfiguration section */

/* Begin XCConfigurationList section */
		201A4E8B23F6715D0036B7FC /* Build configuration list for PBXProject "T Messenger" */ = {
			isa = XCConfigurationList;
			buildConfigurations = (
				201A4EA223F671610036B7FC /* Debug */,
				201A4EA323F671610036B7FC /* Release */,
			);
			defaultConfigurationIsVisible = 0;
			defaultConfigurationName = Release;
		};
		201A4EA423F671610036B7FC /* Build configuration list for PBXNativeTarget "T Messenger" */ = {
			isa = XCConfigurationList;
			buildConfigurations = (
				201A4EA523F671610036B7FC /* Debug */,
				201A4EA623F671610036B7FC /* Release */,
			);
			defaultConfigurationIsVisible = 0;
			defaultConfigurationName = Release;
		};
/* End XCConfigurationList section */

/* Begin XCVersionGroup section */
		201BAE812430A61E00217B1A /* Model.xcdatamodeld */ = {
			isa = XCVersionGroup;
			children = (
				201BAE822430A61E00217B1A /* Model.xcdatamodel */,
			);
			currentVersion = 201BAE822430A61E00217B1A /* Model.xcdatamodel */;
			path = Model.xcdatamodeld;
			sourceTree = "<group>";
			versionGroupType = wrapper.xcdatamodel;
		};
/* End XCVersionGroup section */
	};
	rootObject = 201A4E8823F6715D0036B7FC /* Project object */;
}
