// !$*UTF8*$!
{
	archiveVersion = 1;
	classes = {
	};
	objectVersion = 51;
	objects = {

/* Begin PBXBuildFile section */
		200EBD9E240C051400D97EB5 /* ChatCell.swift in Sources */ = {isa = PBXBuildFile; fileRef = 200EBD9D240C051400D97EB5 /* ChatCell.swift */; };
		200EBDA9240C1B3000D97EB5 /* MessageCell.swift in Sources */ = {isa = PBXBuildFile; fileRef = 200EBDA8240C1B3000D97EB5 /* MessageCell.swift */; };
		201A4E9423F6715D0036B7FC /* AppDelegate.swift in Sources */ = {isa = PBXBuildFile; fileRef = 201A4E9323F6715D0036B7FC /* AppDelegate.swift */; };
		201A4E9823F6715D0036B7FC /* ProfileViewController.swift in Sources */ = {isa = PBXBuildFile; fileRef = 201A4E9723F6715D0036B7FC /* ProfileViewController.swift */; };
		201A4E9B23F6715D0036B7FC /* Main.storyboard in Resources */ = {isa = PBXBuildFile; fileRef = 201A4E9923F6715D0036B7FC /* Main.storyboard */; };
		201A4E9D23F671610036B7FC /* Assets.xcassets in Resources */ = {isa = PBXBuildFile; fileRef = 201A4E9C23F671610036B7FC /* Assets.xcassets */; };
		201A4EA023F671610036B7FC /* LaunchScreen.storyboard in Resources */ = {isa = PBXBuildFile; fileRef = 201A4E9E23F671610036B7FC /* LaunchScreen.storyboard */; };
		201BAE7C24307E8600217B1A /* StorageManager.swift in Sources */ = {isa = PBXBuildFile; fileRef = 201BAE7B24307E8600217B1A /* StorageManager.swift */; };
		201BAE7E24307E9100217B1A /* StorageManagerProtocol.swift in Sources */ = {isa = PBXBuildFile; fileRef = 201BAE7D24307E9100217B1A /* StorageManagerProtocol.swift */; };
		201BAE832430A61E00217B1A /* Model.xcdatamodeld in Sources */ = {isa = PBXBuildFile; fileRef = 201BAE812430A61E00217B1A /* Model.xcdatamodeld */; };
		201BAE852431043700217B1A /* CoreDataStack.swift in Sources */ = {isa = PBXBuildFile; fileRef = 201BAE842431043700217B1A /* CoreDataStack.swift */; };
		201BAE892431319A00217B1A /* User.swift in Sources */ = {isa = PBXBuildFile; fileRef = 201BAE882431319A00217B1A /* User.swift */; };
		202B327B241E9F83002B2884 /* DataManagerProtocol.swift in Sources */ = {isa = PBXBuildFile; fileRef = 202B327A241E9F83002B2884 /* DataManagerProtocol.swift */; };
		202B327E241EA15C002B2884 /* GCDDataManager.swift in Sources */ = {isa = PBXBuildFile; fileRef = 202B327D241EA15C002B2884 /* GCDDataManager.swift */; };
		202B3280241EA1A3002B2884 /* ProfileModel.swift in Sources */ = {isa = PBXBuildFile; fileRef = 202B327F241EA1A3002B2884 /* ProfileModel.swift */; };
		202B3282241EA24C002B2884 /* OperationDataManager.swift in Sources */ = {isa = PBXBuildFile; fileRef = 202B3281241EA24C002B2884 /* OperationDataManager.swift */; };
		2050A42D242678360028318C /* Channels.swift in Sources */ = {isa = PBXBuildFile; fileRef = 2050A42C242678360028318C /* Channels.swift */; };
		2050A4322426788F0028318C /* Message.swift in Sources */ = {isa = PBXBuildFile; fileRef = 2050A4312426788F0028318C /* Message.swift */; };
		2050A43524267B2D0028318C /* ConversationService.swift in Sources */ = {isa = PBXBuildFile; fileRef = 2050A43424267B2D0028318C /* ConversationService.swift */; };
		2050A43724267B3B0028318C /* FirebaseService.swift in Sources */ = {isa = PBXBuildFile; fileRef = 2050A43624267B3B0028318C /* FirebaseService.swift */; };
		2050A439242746DB0028318C /* Extensions.swift in Sources */ = {isa = PBXBuildFile; fileRef = 2050A438242746DB0028318C /* Extensions.swift */; };
		2050A43B242758B30028318C /* NotificationMethods.swift in Sources */ = {isa = PBXBuildFile; fileRef = 2050A43A242758B30028318C /* NotificationMethods.swift */; };
		20751F1F240C0148009E5780 /* AllChatsViewController.swift in Sources */ = {isa = PBXBuildFile; fileRef = 20751F1E240C0148009E5780 /* AllChatsViewController.swift */; };
		20751F21240C0167009E5780 /* ChatViewController.swift in Sources */ = {isa = PBXBuildFile; fileRef = 20751F20240C0167009E5780 /* ChatViewController.swift */; };
		2099AACA241ECA2900B7D7B9 /* CustomAnimations.swift in Sources */ = {isa = PBXBuildFile; fileRef = 2099AAC9241ECA2900B7D7B9 /* CustomAnimations.swift */; };
		20CCD7B2240C1D1200C6C9A6 /* ConfigurableView.swift in Sources */ = {isa = PBXBuildFile; fileRef = 20CCD7B1240C1D1200C6C9A6 /* ConfigurableView.swift */; };
		20D002C824228AA3005072A9 /* GoogleService-Info.plist in Resources */ = {isa = PBXBuildFile; fileRef = 20D002C724228AA3005072A9 /* GoogleService-Info.plist */; };
		AE120022E1376CCE65CDD3F5 /* Pods_T_Messenger.framework in Frameworks */ = {isa = PBXBuildFile; fileRef = 5FE9B76EF40B79540D7A72AC /* Pods_T_Messenger.framework */; };
/* End PBXBuildFile section */

/* Begin PBXFileReference section */
		1A2ECE55287A73A67F9CEE54 /* Pods-T Messenger.release.xcconfig */ = {isa = PBXFileReference; includeInIndex = 1; lastKnownFileType = text.xcconfig; name = "Pods-T Messenger.release.xcconfig"; path = "Target Support Files/Pods-T Messenger/Pods-T Messenger.release.xcconfig"; sourceTree = "<group>"; };
		200EBD9D240C051400D97EB5 /* ChatCell.swift */ = {isa = PBXFileReference; lastKnownFileType = sourcecode.swift; path = ChatCell.swift; sourceTree = "<group>"; };
		200EBDA8240C1B3000D97EB5 /* MessageCell.swift */ = {isa = PBXFileReference; lastKnownFileType = sourcecode.swift; path = MessageCell.swift; sourceTree = "<group>"; };
		201A4E9023F6715D0036B7FC /* T Messenger.app */ = {isa = PBXFileReference; explicitFileType = wrapper.application; includeInIndex = 0; path = "T Messenger.app"; sourceTree = BUILT_PRODUCTS_DIR; };
		201A4E9323F6715D0036B7FC /* AppDelegate.swift */ = {isa = PBXFileReference; lastKnownFileType = sourcecode.swift; path = AppDelegate.swift; sourceTree = "<group>"; };
		201A4E9723F6715D0036B7FC /* ProfileViewController.swift */ = {isa = PBXFileReference; lastKnownFileType = sourcecode.swift; path = ProfileViewController.swift; sourceTree = "<group>"; };
		201A4E9A23F6715D0036B7FC /* Base */ = {isa = PBXFileReference; lastKnownFileType = file.storyboard; name = Base; path = Base.lproj/Main.storyboard; sourceTree = "<group>"; };
		201A4E9C23F671610036B7FC /* Assets.xcassets */ = {isa = PBXFileReference; lastKnownFileType = folder.assetcatalog; path = Assets.xcassets; sourceTree = "<group>"; };
		201A4E9F23F671610036B7FC /* Base */ = {isa = PBXFileReference; lastKnownFileType = file.storyboard; name = Base; path = Base.lproj/LaunchScreen.storyboard; sourceTree = "<group>"; };
		201A4EA123F671610036B7FC /* Info.plist */ = {isa = PBXFileReference; lastKnownFileType = text.plist.xml; path = Info.plist; sourceTree = "<group>"; };
		201BAE7B24307E8600217B1A /* StorageManager.swift */ = {isa = PBXFileReference; lastKnownFileType = sourcecode.swift; path = StorageManager.swift; sourceTree = "<group>"; };
		201BAE7D24307E9100217B1A /* StorageManagerProtocol.swift */ = {isa = PBXFileReference; lastKnownFileType = sourcecode.swift; path = StorageManagerProtocol.swift; sourceTree = "<group>"; };
		201BAE822430A61E00217B1A /* Model.xcdatamodel */ = {isa = PBXFileReference; lastKnownFileType = wrapper.xcdatamodel; path = Model.xcdatamodel; sourceTree = "<group>"; };
		201BAE842431043700217B1A /* CoreDataStack.swift */ = {isa = PBXFileReference; lastKnownFileType = sourcecode.swift; path = CoreDataStack.swift; sourceTree = "<group>"; };
		201BAE882431319A00217B1A /* User.swift */ = {isa = PBXFileReference; lastKnownFileType = sourcecode.swift; path = User.swift; sourceTree = "<group>"; };
		202B327A241E9F83002B2884 /* DataManagerProtocol.swift */ = {isa = PBXFileReference; lastKnownFileType = sourcecode.swift; path = DataManagerProtocol.swift; sourceTree = "<group>"; };
		202B327D241EA15C002B2884 /* GCDDataManager.swift */ = {isa = PBXFileReference; lastKnownFileType = sourcecode.swift; path = GCDDataManager.swift; sourceTree = "<group>"; };
		202B327F241EA1A3002B2884 /* ProfileModel.swift */ = {isa = PBXFileReference; lastKnownFileType = sourcecode.swift; path = ProfileModel.swift; sourceTree = "<group>"; };
		202B3281241EA24C002B2884 /* OperationDataManager.swift */ = {isa = PBXFileReference; lastKnownFileType = sourcecode.swift; path = OperationDataManager.swift; sourceTree = "<group>"; };
		2050A42C242678360028318C /* Channels.swift */ = {isa = PBXFileReference; lastKnownFileType = sourcecode.swift; path = Channels.swift; sourceTree = "<group>"; };
		2050A4312426788F0028318C /* Message.swift */ = {isa = PBXFileReference; lastKnownFileType = sourcecode.swift; path = Message.swift; sourceTree = "<group>"; };
		2050A43424267B2D0028318C /* ConversationService.swift */ = {isa = PBXFileReference; lastKnownFileType = sourcecode.swift; path = ConversationService.swift; sourceTree = "<group>"; };
		2050A43624267B3B0028318C /* FirebaseService.swift */ = {isa = PBXFileReference; lastKnownFileType = sourcecode.swift; path = FirebaseService.swift; sourceTree = "<group>"; };
		2050A438242746DB0028318C /* Extensions.swift */ = {isa = PBXFileReference; lastKnownFileType = sourcecode.swift; path = Extensions.swift; sourceTree = "<group>"; };
		2050A43A242758B30028318C /* NotificationMethods.swift */ = {isa = PBXFileReference; lastKnownFileType = sourcecode.swift; path = NotificationMethods.swift; sourceTree = "<group>"; };
		20751F1E240C0148009E5780 /* AllChatsViewController.swift */ = {isa = PBXFileReference; lastKnownFileType = sourcecode.swift; path = AllChatsViewController.swift; sourceTree = "<group>"; };
		20751F20240C0167009E5780 /* ChatViewController.swift */ = {isa = PBXFileReference; lastKnownFileType = sourcecode.swift; path = ChatViewController.swift; sourceTree = "<group>"; };
		2099AAC9241ECA2900B7D7B9 /* CustomAnimations.swift */ = {isa = PBXFileReference; lastKnownFileType = sourcecode.swift; path = CustomAnimations.swift; sourceTree = "<group>"; };
		20CCD7B1240C1D1200C6C9A6 /* ConfigurableView.swift */ = {isa = PBXFileReference; lastKnownFileType = sourcecode.swift; path = ConfigurableView.swift; sourceTree = "<group>"; };
		20D002C724228AA3005072A9 /* GoogleService-Info.plist */ = {isa = PBXFileReference; fileEncoding = 4; lastKnownFileType = text.plist.xml; path = "GoogleService-Info.plist"; sourceTree = "<group>"; };
		5FE9B76EF40B79540D7A72AC /* Pods_T_Messenger.framework */ = {isa = PBXFileReference; explicitFileType = wrapper.framework; includeInIndex = 0; path = Pods_T_Messenger.framework; sourceTree = BUILT_PRODUCTS_DIR; };
		CA3D98729F2AAD78745169BB /* Pods-T Messenger.debug.xcconfig */ = {isa = PBXFileReference; includeInIndex = 1; lastKnownFileType = text.xcconfig; name = "Pods-T Messenger.debug.xcconfig"; path = "Target Support Files/Pods-T Messenger/Pods-T Messenger.debug.xcconfig"; sourceTree = "<group>"; };
/* End PBXFileReference section */

/* Begin PBXFrameworksBuildPhase section */
		201A4E8D23F6715D0036B7FC /* Frameworks */ = {
			isa = PBXFrameworksBuildPhase;
			buildActionMask = 2147483647;
			files = (
				AE120022E1376CCE65CDD3F5 /* Pods_T_Messenger.framework in Frameworks */,
			);
			runOnlyForDeploymentPostprocessing = 0;
		};
/* End PBXFrameworksBuildPhase section */

/* Begin PBXGroup section */
		201A4E8723F6715D0036B7FC = {
			isa = PBXGroup;
			children = (
				201A4E9223F6715D0036B7FC /* T Messenger */,
				201A4E9123F6715D0036B7FC /* Products */,
				5601EE936350F75E15284FA6 /* Pods */,
				71F0F5B9C394E18F09467BDD /* Frameworks */,
			);
			sourceTree = "<group>";
		};
		201A4E9123F6715D0036B7FC /* Products */ = {
			isa = PBXGroup;
			children = (
				201A4E9023F6715D0036B7FC /* T Messenger.app */,
			);
			name = Products;
			sourceTree = "<group>";
		};
		201A4E9223F6715D0036B7FC /* T Messenger */ = {
			isa = PBXGroup;
			children = (
				2087EF752426196300AF97BE /* Services */,
				20DF5AE3242623070023E08E /* Application */,
				2087EF742426195500AF97BE /* Presentation */,
			);
			path = "T Messenger";
			sourceTree = "<group>";
		};
		201BAE7A2430760F00217B1A /* StorageManager */ = {
			isa = PBXGroup;
			children = (
				201BAE7D24307E9100217B1A /* StorageManagerProtocol.swift */,
				201BAE7B24307E8600217B1A /* StorageManager.swift */,
				201BAE842431043700217B1A /* CoreDataStack.swift */,
			);
			path = StorageManager;
			sourceTree = "<group>";
		};
		202B327C241EA124002B2884 /* DataManagers */ = {
			isa = PBXGroup;
			children = (
				202B327A241E9F83002B2884 /* DataManagerProtocol.swift */,
				202B327D241EA15C002B2884 /* GCDDataManager.swift */,
				202B3281241EA24C002B2884 /* OperationDataManager.swift */,
			);
			path = DataManagers;
			sourceTree = "<group>";
		};
		2050A43324267B0A0028318C /* Conversation */ = {
			isa = PBXGroup;
			children = (
				2050A43424267B2D0028318C /* ConversationService.swift */,
				2050A43624267B3B0028318C /* FirebaseService.swift */,
			);
			path = Conversation;
			sourceTree = "<group>";
		};
		20751F22240C016E009E5780 /* ViewControllers */ = {
			isa = PBXGroup;
			children = (
				201A4E9723F6715D0036B7FC /* ProfileViewController.swift */,
				20751F1E240C0148009E5780 /* AllChatsViewController.swift */,
				20751F20240C0167009E5780 /* ChatViewController.swift */,
			);
			path = ViewControllers;
			sourceTree = "<group>";
		};
		20751F23240C0183009E5780 /* Model */ = {
			isa = PBXGroup;
			children = (
				201BAE7A2430760F00217B1A /* StorageManager */,
				202B327C241EA124002B2884 /* DataManagers */,
				201BAE812430A61E00217B1A /* Model.xcdatamodeld */,
				202B327F241EA1A3002B2884 /* ProfileModel.swift */,
				2050A42C242678360028318C /* Channels.swift */,
				2050A4312426788F0028318C /* Message.swift */,
				201BAE882431319A00217B1A /* User.swift */,
			);
			path = Model;
			sourceTree = "<group>";
		};
		20751F24240C02D8009E5780 /* Cells */ = {
			isa = PBXGroup;
			children = (
				20CCD7B1240C1D1200C6C9A6 /* ConfigurableView.swift */,
				200EBD9D240C051400D97EB5 /* ChatCell.swift */,
				200EBDA8240C1B3000D97EB5 /* MessageCell.swift */,
			);
			path = Cells;
			sourceTree = "<group>";
		};
		2087EF742426195500AF97BE /* Presentation */ = {
			isa = PBXGroup;
			children = (
				20751F22240C016E009E5780 /* ViewControllers */,
				2087EF7624261CFC00AF97BE /* Storyboards */,
				20751F24240C02D8009E5780 /* Cells */,
				2087EF7724261D2500AF97BE /* Utils */,
				201A4E9C23F671610036B7FC /* Assets.xcassets */,
			);
			path = Presentation;
			sourceTree = "<group>";
		};
		2087EF752426196300AF97BE /* Services */ = {
			isa = PBXGroup;
			children = (
				20DF5AE2242621C30023E08E /* Plists */,
				20751F23240C0183009E5780 /* Model */,
				2050A43324267B0A0028318C /* Conversation */,
				2050A438242746DB0028318C /* Extensions.swift */,
			);
			path = Services;
			sourceTree = "<group>";
		};
		2087EF7624261CFC00AF97BE /* Storyboards */ = {
			isa = PBXGroup;
			children = (
				201A4E9923F6715D0036B7FC /* Main.storyboard */,
				201A4E9E23F671610036B7FC /* LaunchScreen.storyboard */,
			);
			path = Storyboards;
			sourceTree = "<group>";
		};
		2087EF7724261D2500AF97BE /* Utils */ = {
			isa = PBXGroup;
			children = (
				2099AAC9241ECA2900B7D7B9 /* CustomAnimations.swift */,
				2050A43A242758B30028318C /* NotificationMethods.swift */,
			);
			path = Utils;
			sourceTree = "<group>";
		};
		20DF5AE2242621C30023E08E /* Plists */ = {
			isa = PBXGroup;
			children = (
				201A4EA123F671610036B7FC /* Info.plist */,
				20D002C724228AA3005072A9 /* GoogleService-Info.plist */,
			);
			path = Plists;
			sourceTree = "<group>";
		};
		20DF5AE3242623070023E08E /* Application */ = {
			isa = PBXGroup;
			children = (
				201A4E9323F6715D0036B7FC /* AppDelegate.swift */,
			);
			path = Application;
			sourceTree = "<group>";
		};
		5601EE936350F75E15284FA6 /* Pods */ = {
			isa = PBXGroup;
			children = (
				CA3D98729F2AAD78745169BB /* Pods-T Messenger.debug.xcconfig */,
				1A2ECE55287A73A67F9CEE54 /* Pods-T Messenger.release.xcconfig */,
			);
			path = Pods;
			sourceTree = "<group>";
		};
		71F0F5B9C394E18F09467BDD /* Frameworks */ = {
			isa = PBXGroup;
			children = (
				5FE9B76EF40B79540D7A72AC /* Pods_T_Messenger.framework */,
			);
			name = Frameworks;
			sourceTree = "<group>";
		};
/* End PBXGroup section */

/* Begin PBXNativeTarget section */
		201A4E8F23F6715D0036B7FC /* T Messenger */ = {
			isa = PBXNativeTarget;
			buildConfigurationList = 201A4EA423F671610036B7FC /* Build configuration list for PBXNativeTarget "T Messenger" */;
			buildPhases = (
				81C1E07CEAF5DD9DDDB2304E /* [CP] Check Pods Manifest.lock */,
				201A4E8C23F6715D0036B7FC /* Sources */,
				201A4E8D23F6715D0036B7FC /* Frameworks */,
				201A4E8E23F6715D0036B7FC /* Resources */,
				2044E6FF241CF04500789861 /* ShellScript */,
				C80C3DE5E4115E2CA6F3C083 /* [CP] Embed Pods Frameworks */,
			);
			buildRules = (
			);
			dependencies = (
			);
			name = "T Messenger";
			productName = "T Messenger";
			productReference = 201A4E9023F6715D0036B7FC /* T Messenger.app */;
			productType = "com.apple.product-type.application";
		};
/* End PBXNativeTarget section */

/* Begin PBXProject section */
		201A4E8823F6715D0036B7FC /* Project object */ = {
			isa = PBXProject;
			attributes = {
				LastSwiftUpdateCheck = 1110;
				LastUpgradeCheck = 1110;
				ORGANIZATIONNAME = "Andrey Ivshin";
				TargetAttributes = {
					201A4E8F23F6715D0036B7FC = {
						CreatedOnToolsVersion = 11.1;
					};
				};
			};
			buildConfigurationList = 201A4E8B23F6715D0036B7FC /* Build configuration list for PBXProject "T Messenger" */;
			compatibilityVersion = "Xcode 9.3";
			developmentRegion = en;
			hasScannedForEncodings = 0;
			knownRegions = (
				en,
				Base,
			);
			mainGroup = 201A4E8723F6715D0036B7FC;
			productRefGroup = 201A4E9123F6715D0036B7FC /* Products */;
			projectDirPath = "";
			projectRoot = "";
			targets = (
				201A4E8F23F6715D0036B7FC /* T Messenger */,
			);
		};
/* End PBXProject section */

/* Begin PBXResourcesBuildPhase section */
		201A4E8E23F6715D0036B7FC /* Resources */ = {
			isa = PBXResourcesBuildPhase;
			buildActionMask = 2147483647;
			files = (
				201A4EA023F671610036B7FC /* LaunchScreen.storyboard in Resources */,
				20D002C824228AA3005072A9 /* GoogleService-Info.plist in Resources */,
				201A4E9D23F671610036B7FC /* Assets.xcassets in Resources */,
				201A4E9B23F6715D0036B7FC /* Main.storyboard in Resources */,
			);
			runOnlyForDeploymentPostprocessing = 0;
		};
/* End PBXResourcesBuildPhase section */

/* Begin PBXShellScriptBuildPhase section */
		2044E6FF241CF04500789861 /* ShellScript */ = {
			isa = PBXShellScriptBuildPhase;
			buildActionMask = 2147483647;
			files = (
			);
			inputFileListPaths = (
			);
			inputPaths = (
			);
			outputFileListPaths = (
			);
			outputPaths = (
			);
			runOnlyForDeploymentPostprocessing = 0;
			shellPath = /bin/sh;
			shellScript = "if which swiftlint >/dev/null; then\n  swiftlint\nelse\n  echo \"warning: SwiftLint not installed, download from https://github.com/realm/SwiftLint\"\nfi\n";
		};
		81C1E07CEAF5DD9DDDB2304E /* [CP] Check Pods Manifest.lock */ = {
			isa = PBXShellScriptBuildPhase;
			buildActionMask = 2147483647;
			files = (
			);
			inputFileListPaths = (
			);
			inputPaths = (
				"${PODS_PODFILE_DIR_PATH}/Podfile.lock",
				"${PODS_ROOT}/Manifest.lock",
			);
			name = "[CP] Check Pods Manifest.lock";
			outputFileListPaths = (
			);
			outputPaths = (
				"$(DERIVED_FILE_DIR)/Pods-T Messenger-checkManifestLockResult.txt",
			);
			runOnlyForDeploymentPostprocessing = 0;
			shellPath = /bin/sh;
			shellScript = "diff \"${PODS_PODFILE_DIR_PATH}/Podfile.lock\" \"${PODS_ROOT}/Manifest.lock\" > /dev/null\nif [ $? != 0 ] ; then\n    # print error to STDERR\n    echo \"error: The sandbox is not in sync with the Podfile.lock. Run 'pod install' or update your CocoaPods installation.\" >&2\n    exit 1\nfi\n# This output is used by Xcode 'outputs' to avoid re-running this script phase.\necho \"SUCCESS\" > \"${SCRIPT_OUTPUT_FILE_0}\"\n";
			showEnvVarsInLog = 0;
		};
		C80C3DE5E4115E2CA6F3C083 /* [CP] Embed Pods Frameworks */ = {
			isa = PBXShellScriptBuildPhase;
			buildActionMask = 2147483647;
			files = (
			);
			inputFileListPaths = (
				"${PODS_ROOT}/Target Support Files/Pods-T Messenger/Pods-T Messenger-frameworks-${CONFIGURATION}-input-files.xcfilelist",
			);
			name = "[CP] Embed Pods Frameworks";
			outputFileListPaths = (
				"${PODS_ROOT}/Target Support Files/Pods-T Messenger/Pods-T Messenger-frameworks-${CONFIGURATION}-output-files.xcfilelist",
			);
			runOnlyForDeploymentPostprocessing = 0;
			shellPath = /bin/sh;
			shellScript = "\"${PODS_ROOT}/Target Support Files/Pods-T Messenger/Pods-T Messenger-frameworks.sh\"\n";
			showEnvVarsInLog = 0;
		};
/* End PBXShellScriptBuildPhase section */

/* Begin PBXSourcesBuildPhase section */
		201A4E8C23F6715D0036B7FC /* Sources */ = {
			isa = PBXSourcesBuildPhase;
			buildActionMask = 2147483647;
			files = (
				202B3280241EA1A3002B2884 /* ProfileModel.swift in Sources */,
				2050A439242746DB0028318C /* Extensions.swift in Sources */,
				202B327B241E9F83002B2884 /* DataManagerProtocol.swift in Sources */,
				2050A4322426788F0028318C /* Message.swift in Sources */,
				2050A43524267B2D0028318C /* ConversationService.swift in Sources */,
				201A4E9823F6715D0036B7FC /* ProfileViewController.swift in Sources */,
				2050A43724267B3B0028318C /* FirebaseService.swift in Sources */,
				2050A42D242678360028318C /* Channels.swift in Sources */,
				201A4E9423F6715D0036B7FC /* AppDelegate.swift in Sources */,
				201BAE7C24307E8600217B1A /* StorageManager.swift in Sources */,
				201BAE7E24307E9100217B1A /* StorageManagerProtocol.swift in Sources */,
				202B327E241EA15C002B2884 /* GCDDataManager.swift in Sources */,
				200EBDA9240C1B3000D97EB5 /* MessageCell.swift in Sources */,
				2050A43B242758B30028318C /* NotificationMethods.swift in Sources */,
				200EBD9E240C051400D97EB5 /* ChatCell.swift in Sources */,
				20CCD7B2240C1D1200C6C9A6 /* ConfigurableView.swift in Sources */,
				202B3282241EA24C002B2884 /* OperationDataManager.swift in Sources */,
				201BAE852431043700217B1A /* CoreDataStack.swift in Sources */,
				201BAE832430A61E00217B1A /* Model.xcdatamodeld in Sources */,
				20751F21240C0167009E5780 /* ChatViewController.swift in Sources */,
				20751F1F240C0148009E5780 /* AllChatsViewController.swift in Sources */,
				2099AACA241ECA2900B7D7B9 /* CustomAnimations.swift in Sources */,
				201BAE892431319A00217B1A /* User.swift in Sources */,
			);
			runOnlyForDeploymentPostprocessing = 0;
		};
/* End PBXSourcesBuildPhase section */

/* Begin PBXVariantGroup section */
		201A4E9923F6715D0036B7FC /* Main.storyboard */ = {
			isa = PBXVariantGroup;
			children = (
				201A4E9A23F6715D0036B7FC /* Base */,
			);
			name = Main.storyboard;
			sourceTree = "<group>";
		};
		201A4E9E23F671610036B7FC /* LaunchScreen.storyboard */ = {
			isa = PBXVariantGroup;
			children = (
				201A4E9F23F671610036B7FC /* Base */,
			);
			name = LaunchScreen.storyboard;
			sourceTree = "<group>";
		};
/* End PBXVariantGroup section */

/* Begin XCBuildConfiguration section */
		201A4EA223F671610036B7FC /* Debug */ = {
			isa = XCBuildConfiguration;
			buildSettings = {
				ALWAYS_SEARCH_USER_PATHS = NO;
				CLANG_ANALYZER_NONNULL = YES;
				CLANG_ANALYZER_NUMBER_OBJECT_CONVERSION = YES_AGGRESSIVE;
				CLANG_CXX_LANGUAGE_STANDARD = "gnu++14";
				CLANG_CXX_LIBRARY = "libc++";
				CLANG_ENABLE_MODULES = YES;
				CLANG_ENABLE_OBJC_ARC = YES;
				CLANG_ENABLE_OBJC_WEAK = YES;
				CLANG_WARN_BLOCK_CAPTURE_AUTORELEASING = YES;
				CLANG_WARN_BOOL_CONVERSION = YES;
				CLANG_WARN_COMMA = YES;
				CLANG_WARN_CONSTANT_CONVERSION = YES;
				CLANG_WARN_DEPRECATED_OBJC_IMPLEMENTATIONS = YES;
				CLANG_WARN_DIRECT_OBJC_ISA_USAGE = YES_ERROR;
				CLANG_WARN_DOCUMENTATION_COMMENTS = YES;
				CLANG_WARN_EMPTY_BODY = YES;
				CLANG_WARN_ENUM_CONVERSION = YES;
				CLANG_WARN_INFINITE_RECURSION = YES;
				CLANG_WARN_INT_CONVERSION = YES;
				CLANG_WARN_NON_LITERAL_NULL_CONVERSION = YES;
				CLANG_WARN_OBJC_IMPLICIT_RETAIN_SELF = YES;
				CLANG_WARN_OBJC_LITERAL_CONVERSION = YES;
				CLANG_WARN_OBJC_ROOT_CLASS = YES_ERROR;
				CLANG_WARN_RANGE_LOOP_ANALYSIS = YES;
				CLANG_WARN_STRICT_PROTOTYPES = YES;
				CLANG_WARN_SUSPICIOUS_MOVE = YES;
				CLANG_WARN_UNGUARDED_AVAILABILITY = YES_AGGRESSIVE;
				CLANG_WARN_UNREACHABLE_CODE = YES;
				CLANG_WARN__DUPLICATE_METHOD_MATCH = YES;
				COPY_PHASE_STRIP = NO;
				DEBUG_INFORMATION_FORMAT = dwarf;
				ENABLE_STRICT_OBJC_MSGSEND = YES;
				ENABLE_TESTABILITY = YES;
				GCC_C_LANGUAGE_STANDARD = gnu11;
				GCC_DYNAMIC_NO_PIC = NO;
				GCC_NO_COMMON_BLOCKS = YES;
				GCC_OPTIMIZATION_LEVEL = 0;
				GCC_PREPROCESSOR_DEFINITIONS = (
					"DEBUG=1",
					"$(inherited)",
				);
				GCC_WARN_64_TO_32_BIT_CONVERSION = YES;
				GCC_WARN_ABOUT_RETURN_TYPE = YES_ERROR;
				GCC_WARN_UNDECLARED_SELECTOR = YES;
				GCC_WARN_UNINITIALIZED_AUTOS = YES_AGGRESSIVE;
				GCC_WARN_UNUSED_FUNCTION = YES;
				GCC_WARN_UNUSED_VARIABLE = YES;
				IPHONEOS_DEPLOYMENT_TARGET = 13.1;
				MTL_ENABLE_DEBUG_INFO = INCLUDE_SOURCE;
				MTL_FAST_MATH = YES;
				ONLY_ACTIVE_ARCH = YES;
				SDKROOT = iphoneos;
				SWIFT_ACTIVE_COMPILATION_CONDITIONS = DEBUG;
				SWIFT_OPTIMIZATION_LEVEL = "-Onone";
			};
			name = Debug;
		};
		201A4EA323F671610036B7FC /* Release */ = {
			isa = XCBuildConfiguration;
			buildSettings = {
				ALWAYS_SEARCH_USER_PATHS = NO;
				CLANG_ANALYZER_NONNULL = YES;
				CLANG_ANALYZER_NUMBER_OBJECT_CONVERSION = YES_AGGRESSIVE;
				CLANG_CXX_LANGUAGE_STANDARD = "gnu++14";
				CLANG_CXX_LIBRARY = "libc++";
				CLANG_ENABLE_MODULES = YES;
				CLANG_ENABLE_OBJC_ARC = YES;
				CLANG_ENABLE_OBJC_WEAK = YES;
				CLANG_WARN_BLOCK_CAPTURE_AUTORELEASING = YES;
				CLANG_WARN_BOOL_CONVERSION = YES;
				CLANG_WARN_COMMA = YES;
				CLANG_WARN_CONSTANT_CONVERSION = YES;
				CLANG_WARN_DEPRECATED_OBJC_IMPLEMENTATIONS = YES;
				CLANG_WARN_DIRECT_OBJC_ISA_USAGE = YES_ERROR;
				CLANG_WARN_DOCUMENTATION_COMMENTS = YES;
				CLANG_WARN_EMPTY_BODY = YES;
				CLANG_WARN_ENUM_CONVERSION = YES;
				CLANG_WARN_INFINITE_RECURSION = YES;
				CLANG_WARN_INT_CONVERSION = YES;
				CLANG_WARN_NON_LITERAL_NULL_CONVERSION = YES;
				CLANG_WARN_OBJC_IMPLICIT_RETAIN_SELF = YES;
				CLANG_WARN_OBJC_LITERAL_CONVERSION = YES;
				CLANG_WARN_OBJC_ROOT_CLASS = YES_ERROR;
				CLANG_WARN_RANGE_LOOP_ANALYSIS = YES;
				CLANG_WARN_STRICT_PROTOTYPES = YES;
				CLANG_WARN_SUSPICIOUS_MOVE = YES;
				CLANG_WARN_UNGUARDED_AVAILABILITY = YES_AGGRESSIVE;
				CLANG_WARN_UNREACHABLE_CODE = YES;
				CLANG_WARN__DUPLICATE_METHOD_MATCH = YES;
				COPY_PHASE_STRIP = NO;
				DEBUG_INFORMATION_FORMAT = "dwarf-with-dsym";
				ENABLE_NS_ASSERTIONS = NO;
				ENABLE_STRICT_OBJC_MSGSEND = YES;
				GCC_C_LANGUAGE_STANDARD = gnu11;
				GCC_NO_COMMON_BLOCKS = YES;
				GCC_WARN_64_TO_32_BIT_CONVERSION = YES;
				GCC_WARN_ABOUT_RETURN_TYPE = YES_ERROR;
				GCC_WARN_UNDECLARED_SELECTOR = YES;
				GCC_WARN_UNINITIALIZED_AUTOS = YES_AGGRESSIVE;
				GCC_WARN_UNUSED_FUNCTION = YES;
				GCC_WARN_UNUSED_VARIABLE = YES;
				IPHONEOS_DEPLOYMENT_TARGET = 13.1;
				MTL_ENABLE_DEBUG_INFO = NO;
				MTL_FAST_MATH = YES;
				SDKROOT = iphoneos;
				SWIFT_COMPILATION_MODE = wholemodule;
				SWIFT_OPTIMIZATION_LEVEL = "-O";
				VALIDATE_PRODUCT = YES;
			};
			name = Release;
		};
		201A4EA523F671610036B7FC /* Debug */ = {
			isa = XCBuildConfiguration;
			baseConfigurationReference = CA3D98729F2AAD78745169BB /* Pods-T Messenger.debug.xcconfig */;
			buildSettings = {
				ASSETCATALOG_COMPILER_APPICON_NAME = AppIcon;
				CODE_SIGN_STYLE = Automatic;
				INFOPLIST_FILE = "T Messenger/Services/Plists/Info.plist";
				IPHONEOS_DEPLOYMENT_TARGET = 11.0;
				LD_RUNPATH_SEARCH_PATHS = (
					"$(inherited)",
					"@executable_path/Frameworks",
				);
				MARKETING_VERSION = 0.6;
				PRODUCT_BUNDLE_IDENTIFIER = ru.tcsbank.TinkoffChat;
				PRODUCT_NAME = "$(TARGET_NAME)";
				SWIFT_ACTIVE_COMPILATION_CONDITIONS = DEBUG;
				SWIFT_VERSION = 5.0;
				TARGETED_DEVICE_FAMILY = 1;
			};
			name = Debug;
		};
		201A4EA623F671610036B7FC /* Release */ = {
			isa = XCBuildConfiguration;
			baseConfigurationReference = 1A2ECE55287A73A67F9CEE54 /* Pods-T Messenger.release.xcconfig */;
			buildSettings = {
				ASSETCATALOG_COMPILER_APPICON_NAME = AppIcon;
				CODE_SIGN_STYLE = Automatic;
				INFOPLIST_FILE = "T Messenger/Services/Plists/Info.plist";
				IPHONEOS_DEPLOYMENT_TARGET = 11.0;
				LD_RUNPATH_SEARCH_PATHS = (
					"$(inherited)",
					"@executable_path/Frameworks",
				);
				MARKETING_VERSION = 0.6;
				PRODUCT_BUNDLE_IDENTIFIER = ru.tcsbank.TinkoffChat;
				PRODUCT_NAME = "$(TARGET_NAME)";
				SWIFT_VERSION = 5.0;
				TARGETED_DEVICE_FAMILY = 1;
			};
			name = Release;
		};
/* End XCBuildConfiguration section */

/* Begin XCConfigurationList section */
		201A4E8B23F6715D0036B7FC /* Build configuration list for PBXProject "T Messenger" */ = {
			isa = XCConfigurationList;
			buildConfigurations = (
				201A4EA223F671610036B7FC /* Debug */,
				201A4EA323F671610036B7FC /* Release */,
			);
			defaultConfigurationIsVisible = 0;
			defaultConfigurationName = Release;
		};
		201A4EA423F671610036B7FC /* Build configuration list for PBXNativeTarget "T Messenger" */ = {
			isa = XCConfigurationList;
			buildConfigurations = (
				201A4EA523F671610036B7FC /* Debug */,
				201A4EA623F671610036B7FC /* Release */,
			);
			defaultConfigurationIsVisible = 0;
			defaultConfigurationName = Release;
		};
/* End XCConfigurationList section */

/* Begin XCVersionGroup section */
		201BAE812430A61E00217B1A /* Model.xcdatamodeld */ = {
			isa = XCVersionGroup;
			children = (
				201BAE822430A61E00217B1A /* Model.xcdatamodel */,
			);
			currentVersion = 201BAE822430A61E00217B1A /* Model.xcdatamodel */;
			path = Model.xcdatamodeld;
			sourceTree = "<group>";
			versionGroupType = wrapper.xcdatamodel;
		};
/* End XCVersionGroup section */
	};
	rootObject = 201A4E8823F6715D0036B7FC /* Project object */;
}
